{
  "version": 4,
  "terraform_version": "1.5.5",
  "serial": 581,
  "lineage": "fb449d18-b947-9632-7347-7c53d44076f3",
  "outputs": {
    "vpc": {
      "value": "vpc-074ec1f61d0da2bab",
      "type": "string"
    },
    "vpc_cidr_block": {
      "value": "172.25.0.0/24",
      "type": "string"
    }
  },
  "resources": [
    {
      "mode": "data",
      "type": "aws_availability_zones",
      "name": "available",
      "provider": "provider[\"registry.terraform.io/hashicorp/aws\"]",
      "instances": [
        {
          "schema_version": 0,
          "attributes": {
            "all_availability_zones": null,
            "exclude_names": null,
            "exclude_zone_ids": null,
            "filter": null,
            "group_names": [
              "us-east-2"
            ],
            "id": "us-east-2",
            "names": [
              "us-east-2a",
              "us-east-2b",
              "us-east-2c"
            ],
            "state": null,
            "timeouts": null,
            "zone_ids": [
              "use2-az1",
              "use2-az2",
              "use2-az3"
            ]
          },
          "sensitive_attributes": []
        }
      ]
    },
    {
      "mode": "data",
      "type": "aws_caller_identity",
      "name": "current",
      "provider": "provider[\"registry.terraform.io/hashicorp/aws\"]",
      "instances": [
        {
          "schema_version": 0,
          "attributes": {
            "account_id": "591642074504",
            "arn": "arn:aws:sts::591642074504:assumed-role/AWSReservedSSO_EdmentumSBST_Admins_74c02062d412aa10/shein@edmentum.com",
            "id": "591642074504",
            "user_id": "AROAYTQE5TWEAYDN4CXAI:shein@edmentum.com"
          },
          "sensitive_attributes": []
        }
      ]
    },
    {
      "mode": "data",
      "type": "aws_iam_policy_document",
      "name": "bucket_and_object_policy",
      "provider": "provider[\"registry.terraform.io/hashicorp/aws\"]",
      "instances": [
        {
          "schema_version": 0,
          "attributes": {
            "id": "1047783292",
            "json": "{\n  \"Version\": \"2012-10-17\",\n  \"Statement\": [\n    {\n      \"Sid\": \"AllowBucketAccess\",\n      \"Effect\": \"Allow\",\n      \"Action\": \"s3:ListBucket\",\n      \"Resource\": \"arn:aws:s3:::demo-edr-bucket\"\n    },\n    {\n      \"Sid\": \"AllowObjectAccess\",\n      \"Effect\": \"Allow\",\n      \"Action\": [\n        \"s3:PutObject\",\n        \"s3:GetObject\",\n        \"s3:DeleteObject\"\n      ],\n      \"Resource\": \"arn:aws:s3:::demo-edr-bucket/*\"\n    }\n  ]\n}",
            "override_policy_documents": null,
            "policy_id": null,
            "source_policy_documents": null,
            "statement": [
              {
                "actions": [
                  "s3:ListBucket"
                ],
                "condition": [],
                "effect": "Allow",
                "not_actions": [],
                "not_principals": [],
                "not_resources": [],
                "principals": [],
                "resources": [
                  "arn:aws:s3:::demo-edr-bucket"
                ],
                "sid": "AllowBucketAccess"
              },
              {
                "actions": [
                  "s3:DeleteObject",
                  "s3:GetObject",
                  "s3:PutObject"
                ],
                "condition": [],
                "effect": "Allow",
                "not_actions": [],
                "not_principals": [],
                "not_resources": [],
                "principals": [],
                "resources": [
                  "arn:aws:s3:::demo-edr-bucket/*"
                ],
                "sid": "AllowObjectAccess"
              }
            ],
            "version": "2012-10-17"
          },
          "sensitive_attributes": []
        }
      ]
    },
    {
      "mode": "data",
      "type": "aws_iam_policy_document",
      "name": "cloud_endure",
      "provider": "provider[\"registry.terraform.io/hashicorp/aws\"]",
      "instances": [
        {
          "schema_version": 0,
          "attributes": {
            "id": "2923440528",
            "json": "{\n  \"Version\": \"2012-10-17\",\n  \"Statement\": [\n    {\n      \"Effect\": \"Allow\",\n      \"Action\": \"drs:DescribeSourceServers\",\n      \"Resource\": \"*\"\n    },\n    {\n      \"Effect\": \"Allow\",\n      \"Action\": [\n        \"drs:UpdateReplicationConfiguration\",\n        \"drs:UpdateLaunchConfiguration\",\n        \"drs:UpdateAgentSourcePropertiesForDrs\",\n        \"drs:GetReplicationConfiguration\",\n        \"drs:GetLaunchConfiguration\",\n        \"drs:BatchCreateVolumeSnapshotGroupForDrs\"\n      ],\n      \"Resource\": \"arn:aws:drs:*:*:source-server/*\"\n    },\n    {\n      \"Effect\": \"Allow\",\n      \"Action\": [\n        \"ec2:DescribeSubnets\",\n        \"ec2:DescribeSnapshots\",\n        \"ec2:DescribeSecurityGroups\",\n        \"ec2:DescribeLaunchTemplates\",\n        \"ec2:DescribeLaunchTemplateVersions\",\n        \"ec2:DescribeInstanceTypes\"\n      ],\n      \"Resource\": \"*\"\n    },\n    {\n      \"Effect\": \"Allow\",\n      \"Action\": \"ec2:CreateSecurityGroup\",\n      \"Resource\": \"arn:aws:ec2:*:*:vpc/*\"\n    },\n    {\n      \"Effect\": \"Allow\",\n      \"Action\": \"ec2:CreateSecurityGroup\",\n      \"Resource\": \"arn:aws:ec2:*:*:security-group/*\",\n      \"Condition\": {\n        \"Null\": {\n          \"aws:RequestTag/AWSElasticDisasterRecoveryManaged\": \"false\"\n        }\n      }\n    },\n    {\n      \"Effect\": \"Allow\",\n      \"Action\": [\n        \"ec2:ModifyLaunchTemplate\",\n        \"ec2:CreateLaunchTemplateVersion\"\n      ],\n      \"Resource\": \"arn:aws:ec2:*:*:launch-template/*\",\n      \"Condition\": {\n        \"Null\": {\n          \"aws:ResourceTag/AWSElasticDisasterRecoveryManaged\": \"false\"\n        }\n      }\n    },\n    {\n      \"Effect\": \"Allow\",\n      \"Action\": [\n        \"ec2:CreateTags\",\n        \"ec2:CopySnapshot\"\n      ],\n      \"Resource\": \"arn:aws:ec2:*:*:snapshot/*\",\n      \"Condition\": {\n        \"Null\": {\n          \"aws:RequestTag/AWSElasticDisasterRecoveryManaged\": \"false\"\n        }\n      }\n    },\n    {\n      \"Effect\": \"Allow\",\n      \"Action\": [\n        \"ec2:CreateTags\",\n        \"ec2:CopySnapshot\"\n      ],\n      \"Resource\": \"arn:aws:ec2:*:*:security-group/*\",\n      \"Condition\": {\n        \"Null\": {\n          \"aws:RequestTag/AWSElasticDisasterRecoveryManaged\": \"false\"\n        }\n      }\n    },\n    {\n      \"Effect\": \"Allow\",\n      \"Action\": \"kms:CreateGrant\",\n      \"Resource\": \"*\"\n    }\n  ]\n}",
            "override_policy_documents": null,
            "policy_id": null,
            "source_policy_documents": null,
            "statement": [
              {
                "actions": [
                  "drs:DescribeSourceServers"
                ],
                "condition": [],
                "effect": "Allow",
                "not_actions": [],
                "not_principals": [],
                "not_resources": [],
                "principals": [],
                "resources": [
                  "*"
                ],
                "sid": ""
              },
              {
                "actions": [
                  "drs:BatchCreateVolumeSnapshotGroupForDrs",
                  "drs:GetLaunchConfiguration",
                  "drs:GetReplicationConfiguration",
                  "drs:UpdateAgentSourcePropertiesForDrs",
                  "drs:UpdateLaunchConfiguration",
                  "drs:UpdateReplicationConfiguration"
                ],
                "condition": [],
                "effect": "Allow",
                "not_actions": [],
                "not_principals": [],
                "not_resources": [],
                "principals": [],
                "resources": [
                  "arn:aws:drs:*:*:source-server/*"
                ],
                "sid": ""
              },
              {
                "actions": [
                  "ec2:DescribeInstanceTypes",
                  "ec2:DescribeLaunchTemplateVersions",
                  "ec2:DescribeLaunchTemplates",
                  "ec2:DescribeSecurityGroups",
                  "ec2:DescribeSnapshots",
                  "ec2:DescribeSubnets"
                ],
                "condition": [],
                "effect": "Allow",
                "not_actions": [],
                "not_principals": [],
                "not_resources": [],
                "principals": [],
                "resources": [
                  "*"
                ],
                "sid": ""
              },
              {
                "actions": [
                  "ec2:CreateSecurityGroup"
                ],
                "condition": [],
                "effect": "Allow",
                "not_actions": [],
                "not_principals": [],
                "not_resources": [],
                "principals": [],
                "resources": [
                  "arn:aws:ec2:*:*:vpc/*"
                ],
                "sid": ""
              },
              {
                "actions": [
                  "ec2:CreateSecurityGroup"
                ],
                "condition": [
                  {
                    "test": "Null",
                    "values": [
                      "false"
                    ],
                    "variable": "aws:RequestTag/AWSElasticDisasterRecoveryManaged"
                  }
                ],
                "effect": "Allow",
                "not_actions": [],
                "not_principals": [],
                "not_resources": [],
                "principals": [],
                "resources": [
                  "arn:aws:ec2:*:*:security-group/*"
                ],
                "sid": ""
              },
              {
                "actions": [
                  "ec2:CreateLaunchTemplateVersion",
                  "ec2:ModifyLaunchTemplate"
                ],
                "condition": [
                  {
                    "test": "Null",
                    "values": [
                      "false"
                    ],
                    "variable": "aws:ResourceTag/AWSElasticDisasterRecoveryManaged"
                  }
                ],
                "effect": "Allow",
                "not_actions": [],
                "not_principals": [],
                "not_resources": [],
                "principals": [],
                "resources": [
                  "arn:aws:ec2:*:*:launch-template/*"
                ],
                "sid": ""
              },
              {
                "actions": [
                  "ec2:CopySnapshot",
                  "ec2:CreateTags"
                ],
                "condition": [
                  {
                    "test": "Null",
                    "values": [
                      "false"
                    ],
                    "variable": "aws:RequestTag/AWSElasticDisasterRecoveryManaged"
                  }
                ],
                "effect": "Allow",
                "not_actions": [],
                "not_principals": [],
                "not_resources": [],
                "principals": [],
                "resources": [
                  "arn:aws:ec2:*:*:snapshot/*"
                ],
                "sid": ""
              },
              {
                "actions": [
                  "ec2:CopySnapshot",
                  "ec2:CreateTags"
                ],
                "condition": [
                  {
                    "test": "Null",
                    "values": [
                      "false"
                    ],
                    "variable": "aws:RequestTag/AWSElasticDisasterRecoveryManaged"
                  }
                ],
                "effect": "Allow",
                "not_actions": [],
                "not_principals": [],
                "not_resources": [],
                "principals": [],
                "resources": [
                  "arn:aws:ec2:*:*:security-group/*"
                ],
                "sid": ""
              },
              {
                "actions": [
                  "kms:CreateGrant"
                ],
                "condition": [],
                "effect": "Allow",
                "not_actions": [],
                "not_principals": [],
                "not_resources": [],
                "principals": [],
                "resources": [
                  "*"
                ],
                "sid": ""
              }
            ],
            "version": "2012-10-17"
          },
          "sensitive_attributes": []
        }
      ]
    },
    {
      "mode": "managed",
      "type": "aws_iam_policy",
      "name": "cloud_endure",
      "provider": "provider[\"registry.terraform.io/hashicorp/aws\"]",
      "instances": [
        {
          "schema_version": 0,
          "attributes": {
            "arn": "arn:aws:iam::591642074504:policy/CEDRAccessmentPolicy",
            "description": "CLoud Endure Accessment Policy",
            "id": "arn:aws:iam::591642074504:policy/CEDRAccessmentPolicy",
            "name": "CEDRAccessmentPolicy",
            "name_prefix": "",
            "path": "/",
            "policy": "{\"Statement\":[{\"Action\":\"drs:DescribeSourceServers\",\"Effect\":\"Allow\",\"Resource\":\"*\"},{\"Action\":[\"drs:UpdateReplicationConfiguration\",\"drs:UpdateLaunchConfiguration\",\"drs:UpdateAgentSourcePropertiesForDrs\",\"drs:GetReplicationConfiguration\",\"drs:GetLaunchConfiguration\",\"drs:BatchCreateVolumeSnapshotGroupForDrs\"],\"Effect\":\"Allow\",\"Resource\":\"arn:aws:drs:*:*:source-server/*\"},{\"Action\":[\"ec2:DescribeSubnets\",\"ec2:DescribeSnapshots\",\"ec2:DescribeSecurityGroups\",\"ec2:DescribeLaunchTemplates\",\"ec2:DescribeLaunchTemplateVersions\",\"ec2:DescribeInstanceTypes\"],\"Effect\":\"Allow\",\"Resource\":\"*\"},{\"Action\":\"ec2:CreateSecurityGroup\",\"Effect\":\"Allow\",\"Resource\":\"arn:aws:ec2:*:*:vpc/*\"},{\"Action\":\"ec2:CreateSecurityGroup\",\"Condition\":{\"Null\":{\"aws:RequestTag/AWSElasticDisasterRecoveryManaged\":\"false\"}},\"Effect\":\"Allow\",\"Resource\":\"arn:aws:ec2:*:*:security-group/*\"},{\"Action\":[\"ec2:ModifyLaunchTemplate\",\"ec2:CreateLaunchTemplateVersion\"],\"Condition\":{\"Null\":{\"aws:ResourceTag/AWSElasticDisasterRecoveryManaged\":\"false\"}},\"Effect\":\"Allow\",\"Resource\":\"arn:aws:ec2:*:*:launch-template/*\"},{\"Action\":[\"ec2:CreateTags\",\"ec2:CopySnapshot\"],\"Condition\":{\"Null\":{\"aws:RequestTag/AWSElasticDisasterRecoveryManaged\":\"false\"}},\"Effect\":\"Allow\",\"Resource\":\"arn:aws:ec2:*:*:snapshot/*\"},{\"Action\":[\"ec2:CreateTags\",\"ec2:CopySnapshot\"],\"Condition\":{\"Null\":{\"aws:RequestTag/AWSElasticDisasterRecoveryManaged\":\"false\"}},\"Effect\":\"Allow\",\"Resource\":\"arn:aws:ec2:*:*:security-group/*\"},{\"Action\":\"kms:CreateGrant\",\"Effect\":\"Allow\",\"Resource\":\"*\"}],\"Version\":\"2012-10-17\"}",
            "policy_id": "ANPAYTQE5TWEHXMJIN33K",
            "tags": {},
            "tags_all": {
              "client": "edmentum",
              "owner": "sai",
              "project": "cloudendure to elastic DR",
              "site": "demo-source",
              "temporary": "yes",
              "terraform": "yes"
            }
          },
          "sensitive_attributes": [],
          "private": "bnVsbA==",
          "dependencies": [
            "data.aws_iam_policy_document.cloud_endure"
          ]
        }
      ]
    },
    {
      "mode": "managed",
      "type": "aws_iam_policy",
      "name": "example_policy",
      "provider": "provider[\"registry.terraform.io/hashicorp/aws\"]",
      "instances": [
        {
          "schema_version": 0,
          "attributes": {
            "arn": "arn:aws:iam::591642074504:policy/cloudendure_to_aws_edr_upgrade_policy",
            "description": "cloudendure_to_aws_edr_upgrade_policy",
            "id": "arn:aws:iam::591642074504:policy/cloudendure_to_aws_edr_upgrade_policy",
            "name": "cloudendure_to_aws_edr_upgrade_policy",
            "name_prefix": "",
            "path": "/",
            "policy": "{\"Statement\":[{\"Action\":[\"drs:DescribeSourceServers\"],\"Effect\":\"Allow\",\"Resource\":\"*\"},{\"Action\":[\"drs:UpdateAgentSourcePropertiesForDrs\",\"drs:GetLaunchConfiguration\",\"drs:UpdateLaunchConfiguration\",\"drs:BatchCreateVolumeSnapshotGroupForDrs\",\"drs:GetReplicationConfiguration\",\"drs:UpdateReplicationConfiguration\"],\"Effect\":\"Allow\",\"Resource\":\"arn:aws:drs:*:*:source-server/*\"},{\"Action\":[\"ec2:DescribeLaunchTemplates\",\"ec2:DescribeLaunchTemplateVersions\",\"ec2:DescribeInstanceTypes\",\"ec2:DescribeSecurityGroups\",\"ec2:DescribeSubnets\",\"ec2:DescribeSnapshots\"],\"Effect\":\"Allow\",\"Resource\":\"*\"},{\"Action\":\"ec2:CreateSecurityGroup\",\"Effect\":\"Allow\",\"Resource\":\"arn:aws:ec2:*:*:vpc/*\"},{\"Action\":\"ec2:CreateSecurityGroup\",\"Condition\":{\"Null\":{\"aws:RequestTag/AWSElasticDisasterRecoveryManaged\":\"false\"}},\"Effect\":\"Allow\",\"Resource\":\"arn:aws:ec2:*:*:security-group/*\"},{\"Action\":[\"ec2:ModifyLaunchTemplate\",\"ec2:CreateLaunchTemplateVersion\"],\"Condition\":{\"Null\":{\"aws:ResourceTag/AWSElasticDisasterRecoveryManaged\":\"false\"}},\"Effect\":\"Allow\",\"Resource\":\"arn:aws:ec2:*:*:launch-template/*\"},{\"Action\":[\"ec2:CreateTags\",\"ec2:CopySnapshot\"],\"Condition\":{\"Null\":{\"aws:RequestTag/AWSElasticDisasterRecoveryManaged\":\"false\"}},\"Effect\":\"Allow\",\"Resource\":\"arn:aws:ec2:*:*:snapshot/*\"},{\"Action\":[\"ec2:CreateTags\",\"ec2:CopySnapshot\"],\"Condition\":{\"Null\":{\"aws:RequestTag/AWSElasticDisasterRecoveryManaged\":\"false\"}},\"Effect\":\"Allow\",\"Resource\":\"arn:aws:ec2:*:*:security-group/*\"},{\"Action\":[\"kms:CreateGrant\"],\"Effect\":\"Allow\",\"Resource\":\"*\"}],\"Version\":\"2012-10-17\"}",
            "policy_id": "ANPAYTQE5TWEJ55XYAEX2",
            "tags": {},
            "tags_all": {
              "client": "edmentum",
              "owner": "sai",
              "project": "cloudendure to elastic DR",
              "site": "demo-source",
              "temporary": "yes",
              "terraform": "yes"
            }
          },
          "sensitive_attributes": [],
          "private": "bnVsbA=="
        }
      ]
    },
    {
      "mode": "managed",
      "type": "aws_iam_policy",
      "name": "s3_access_policy",
      "provider": "provider[\"registry.terraform.io/hashicorp/aws\"]",
      "instances": [
        {
          "schema_version": 0,
          "attributes": {
            "arn": "arn:aws:iam::591642074504:policy/EDRnetworkpolicy",
            "description": "Policy for EDR to access S3 bucket and objects",
            "id": "arn:aws:iam::591642074504:policy/EDRnetworkpolicy",
            "name": "EDRnetworkpolicy",
            "name_prefix": "",
            "path": "/",
            "policy": "{\"Statement\":[{\"Action\":\"s3:ListBucket\",\"Effect\":\"Allow\",\"Resource\":\"arn:aws:s3:::demo-edr-bucket\",\"Sid\":\"AllowBucketAccess\"},{\"Action\":[\"s3:PutObject\",\"s3:GetObject\",\"s3:DeleteObject\"],\"Effect\":\"Allow\",\"Resource\":\"arn:aws:s3:::demo-edr-bucket/*\",\"Sid\":\"AllowObjectAccess\"}],\"Version\":\"2012-10-17\"}",
            "policy_id": "ANPAYTQE5TWECQ4MFGWXB",
            "tags": {},
            "tags_all": {
              "client": "edmentum",
              "owner": "sai",
              "project": "cloudendure to elastic DR",
              "site": "demo-source",
              "temporary": "yes",
              "terraform": "yes"
            }
          },
          "sensitive_attributes": [],
          "private": "bnVsbA==",
          "dependencies": [
            "data.aws_iam_policy_document.bucket_and_object_policy"
          ]
        }
      ]
    },
    {
      "module": "module.ec2_linux",
      "mode": "data",
      "type": "aws_partition",
      "name": "current",
      "provider": "provider[\"registry.terraform.io/hashicorp/aws\"]",
      "instances": [
        {
          "schema_version": 0,
          "attributes": {
            "dns_suffix": "amazonaws.com",
            "id": "aws",
            "partition": "aws",
            "reverse_dns_prefix": "com.amazonaws"
          },
          "sensitive_attributes": []
        }
      ]
    },
    {
      "module": "module.ec2_linux",
      "mode": "data",
      "type": "aws_ssm_parameter",
      "name": "this",
      "provider": "provider[\"registry.terraform.io/hashicorp/aws\"]",
      "instances": [
        {
          "index_key": 0,
          "schema_version": 0,
          "attributes": {
            "arn": "arn:aws:ssm:us-east-2::parameter/aws/service/ami-amazon-linux-latest/amzn2-ami-hvm-x86_64-gp2",
            "id": "/aws/service/ami-amazon-linux-latest/amzn2-ami-hvm-x86_64-gp2",
            "insecure_value": "ami-071807f4c8241ac3f",
            "name": "/aws/service/ami-amazon-linux-latest/amzn2-ami-hvm-x86_64-gp2",
            "type": "String",
            "value": "ami-071807f4c8241ac3f",
            "version": 93,
            "with_decryption": true
          },
          "sensitive_attributes": []
        }
      ]
    },
    {
      "module": "module.ec2_linux",
      "mode": "managed",
      "type": "aws_instance",
      "name": "this",
      "provider": "provider[\"registry.terraform.io/hashicorp/aws\"]",
      "instances": [
        {
          "index_key": 0,
          "schema_version": 1,
          "attributes": {
            "ami": "ami-0d3183af565a0a95d",
            "arn": "arn:aws:ec2:us-east-2:591642074504:instance/i-0c8d95f638d07af98",
            "associate_public_ip_address": false,
            "availability_zone": "us-east-2b",
            "capacity_reservation_specification": [
              {
                "capacity_reservation_preference": "open",
                "capacity_reservation_target": []
              }
            ],
            "cpu_core_count": 1,
            "cpu_options": [
              {
                "amd_sev_snp": "",
                "core_count": 1,
                "threads_per_core": 1
              }
            ],
            "cpu_threads_per_core": 1,
            "credit_specification": [
              {
                "cpu_credits": "standard"
              }
            ],
            "disable_api_stop": false,
            "disable_api_termination": false,
            "ebs_block_device": [],
            "ebs_optimized": false,
            "enclave_options": [
              {
                "enabled": false
              }
            ],
            "ephemeral_block_device": [],
            "get_password_data": false,
            "hibernation": false,
            "host_id": "",
            "host_resource_group_arn": null,
            "iam_instance_profile": "drs_agent_installation_role",
            "id": "i-0c8d95f638d07af98",
            "instance_initiated_shutdown_behavior": "stop",
            "instance_lifecycle": "",
            "instance_market_options": [],
            "instance_state": "running",
            "instance_type": "t2.micro",
            "ipv6_address_count": 0,
            "ipv6_addresses": [],
            "key_name": "edmentum-ohio",
            "launch_template": [],
            "maintenance_options": [
              {
                "auto_recovery": "default"
              }
            ],
            "metadata_options": [
              {
                "http_endpoint": "enabled",
                "http_protocol_ipv6": "disabled",
                "http_put_response_hop_limit": 1,
                "http_tokens": "required",
                "instance_metadata_tags": "disabled"
              }
            ],
            "monitoring": true,
            "network_interface": [],
            "outpost_arn": "",
            "password_data": "",
            "placement_group": "",
            "placement_partition_number": 0,
            "primary_network_interface_id": "eni-0ff81caf4114e8996",
            "private_dns": "ip-172-25-0-224.us-east-2.compute.internal",
            "private_dns_name_options": [
              {
                "enable_resource_name_dns_a_record": false,
                "enable_resource_name_dns_aaaa_record": false,
                "hostname_type": "ip-name"
              }
            ],
            "private_ip": "172.25.0.224",
            "public_dns": "",
            "public_ip": "",
            "root_block_device": [
              {
                "delete_on_termination": true,
                "device_name": "/dev/xvda",
                "encrypted": true,
                "iops": 100,
                "kms_key_id": "arn:aws:kms:us-east-2:591642074504:key/86d08e50-be3d-4a6c-96d6-faee63587fa7",
                "tags": {
                  "Name": "my-root-block"
                },
                "throughput": 0,
                "volume_id": "vol-0e0fb2999361bc7ae",
                "volume_size": 20,
                "volume_type": "gp2"
              }
            ],
            "secondary_private_ips": [],
            "security_groups": [],
            "source_dest_check": true,
            "spot_instance_request_id": "",
            "subnet_id": "subnet-0c3ce80ed5acea60e",
            "tags": {
              "Name": "source-linux"
            },
            "tags_all": {
              "Name": "source-linux",
              "client": "edmentum",
              "owner": "sai",
              "project": "cloudendure to elastic DR",
              "site": "demo-source",
              "temporary": "yes",
              "terraform": "yes"
            },
            "tenancy": "default",
            "timeouts": {
              "create": null,
              "delete": null,
              "update": null
            },
            "user_data": null,
            "user_data_base64": "IyEvYmluL2Jhc2gKeXVtIHVwZGF0ZSAteQp5dW0gaW5zdGFsbCBodHRwZCAteQpzbGVlcCAxMAplY2hvICI8aHRtbD48aDE+SGVsbG8gV29yZCBmcm9tICQoaG9zdG5hbWUgLWYpPC9oMT48L2h0bWw+IiA+PiAvdmFyL3d3dy9odG1sL2luZGV4Lmh0bWwKc2xlZXAgNQpzeXN0ZW1jdGwgc3RhcnQgaHR0cGQKc3lzdGVtY3RsIGVuYWJsZSBodHRwZAo=",
            "user_data_replace_on_change": true,
            "volume_tags": null,
            "vpc_security_group_ids": [
              "sg-017f38df457440399"
            ]
          },
          "sensitive_attributes": [],
          "private": "eyJlMmJmYjczMC1lY2FhLTExZTYtOGY4OC0zNDM2M2JjN2M0YzAiOnsiY3JlYXRlIjo2MDAwMDAwMDAwMDAsImRlbGV0ZSI6MTIwMDAwMDAwMDAwMCwidXBkYXRlIjo2MDAwMDAwMDAwMDB9LCJzY2hlbWFfdmVyc2lvbiI6IjEifQ==",
          "dependencies": [
            "data.aws_availability_zones.available",
            "data.aws_caller_identity.current",
            "module.ec2_linux.aws_iam_instance_profile.this",
            "module.ec2_linux.aws_iam_role.this",
            "module.ec2_linux.data.aws_iam_policy_document.assume_role_policy",
            "module.ec2_linux.data.aws_partition.current",
            "module.ec2_linux.data.aws_ssm_parameter.this",
            "module.iam_assumable_role_admin.aws_iam_instance_profile.this",
            "module.iam_assumable_role_admin.aws_iam_role.this",
            "module.iam_assumable_role_admin.data.aws_caller_identity.current",
            "module.iam_assumable_role_admin.data.aws_iam_policy_document.assume_role",
            "module.iam_assumable_role_admin.data.aws_iam_policy_document.assume_role_with_mfa",
            "module.iam_assumable_role_admin.data.aws_partition.current",
            "module.security-group.aws_security_group.this",
            "module.security-group.aws_security_group.this_name_prefix",
            "module.vpc.aws_subnet.private",
            "module.vpc.aws_vpc.this",
            "module.vpc.aws_vpc_ipv4_cidr_block_association.this"
          ]
        }
      ]
    },
    {
      "module": "module.ec2_windows_private",
      "mode": "data",
      "type": "aws_partition",
      "name": "current",
      "provider": "provider[\"registry.terraform.io/hashicorp/aws\"]",
      "instances": [
        {
          "schema_version": 0,
          "attributes": {
            "dns_suffix": "amazonaws.com",
            "id": "aws",
            "partition": "aws",
            "reverse_dns_prefix": "com.amazonaws"
          },
          "sensitive_attributes": []
        }
      ]
    },
    {
      "module": "module.ec2_windows_private",
      "mode": "data",
      "type": "aws_ssm_parameter",
      "name": "this",
      "provider": "provider[\"registry.terraform.io/hashicorp/aws\"]",
      "instances": [
        {
          "index_key": 0,
          "schema_version": 0,
          "attributes": {
            "arn": "arn:aws:ssm:us-east-2::parameter/aws/service/ami-amazon-linux-latest/amzn2-ami-hvm-x86_64-gp2",
            "id": "/aws/service/ami-amazon-linux-latest/amzn2-ami-hvm-x86_64-gp2",
            "insecure_value": "ami-071807f4c8241ac3f",
            "name": "/aws/service/ami-amazon-linux-latest/amzn2-ami-hvm-x86_64-gp2",
            "type": "String",
            "value": "ami-071807f4c8241ac3f",
            "version": 93,
            "with_decryption": true
          },
          "sensitive_attributes": []
        }
      ]
    },
    {
      "module": "module.ec2_windows_private",
      "mode": "managed",
      "type": "aws_instance",
      "name": "this",
      "provider": "provider[\"registry.terraform.io/hashicorp/aws\"]",
      "instances": [
        {
          "index_key": 0,
          "schema_version": 1,
          "attributes": {
            "ami": "ami-0007e91afefcd1257",
            "arn": "arn:aws:ec2:us-east-2:591642074504:instance/i-0e6d045a7b014eee2",
            "associate_public_ip_address": true,
            "availability_zone": "us-east-2b",
            "capacity_reservation_specification": [
              {
                "capacity_reservation_preference": "open",
                "capacity_reservation_target": []
              }
            ],
            "cpu_core_count": 2,
            "cpu_options": [
              {
                "amd_sev_snp": "",
                "core_count": 2,
                "threads_per_core": 1
              }
            ],
            "cpu_threads_per_core": 1,
            "credit_specification": [
              {
                "cpu_credits": "standard"
              }
            ],
            "disable_api_stop": false,
            "disable_api_termination": false,
            "ebs_block_device": [],
            "ebs_optimized": false,
            "enclave_options": [
              {
                "enabled": false
              }
            ],
            "ephemeral_block_device": [],
            "get_password_data": false,
            "hibernation": false,
            "host_id": "",
            "host_resource_group_arn": null,
            "iam_instance_profile": "drs_agent_installation_role",
            "id": "i-0e6d045a7b014eee2",
            "instance_initiated_shutdown_behavior": "stop",
            "instance_lifecycle": "",
            "instance_market_options": [],
            "instance_state": "running",
            "instance_type": "t2.medium",
            "ipv6_address_count": 0,
            "ipv6_addresses": [],
            "key_name": "edmentum-ohio",
            "launch_template": [],
            "maintenance_options": [
              {
                "auto_recovery": "default"
              }
            ],
            "metadata_options": [
              {
                "http_endpoint": "enabled",
                "http_protocol_ipv6": "disabled",
                "http_put_response_hop_limit": 1,
                "http_tokens": "required",
                "instance_metadata_tags": "disabled"
              }
            ],
            "monitoring": true,
            "network_interface": [],
            "outpost_arn": "",
            "password_data": "",
            "placement_group": "",
            "placement_partition_number": 0,
            "primary_network_interface_id": "eni-048fea342f9d1d99f",
            "private_dns": "ip-172-25-0-99.us-east-2.compute.internal",
            "private_dns_name_options": [
              {
                "enable_resource_name_dns_a_record": false,
                "enable_resource_name_dns_aaaa_record": false,
                "hostname_type": "ip-name"
              }
            ],
            "private_ip": "172.25.0.99",
            "public_dns": "ec2-52-14-232-119.us-east-2.compute.amazonaws.com",
            "public_ip": "52.14.232.119",
            "root_block_device": [
              {
                "delete_on_termination": true,
                "device_name": "/dev/sda1",
                "encrypted": true,
                "iops": 100,
                "kms_key_id": "arn:aws:kms:us-east-2:591642074504:key/86d08e50-be3d-4a6c-96d6-faee63587fa7",
                "tags": {
                  "Name": "my-root-block"
                },
                "throughput": 0,
                "volume_id": "vol-0da24f5bf7cb20cf0",
                "volume_size": 30,
                "volume_type": "gp2"
              }
            ],
            "secondary_private_ips": [],
            "security_groups": [],
            "source_dest_check": true,
            "spot_instance_request_id": "",
            "subnet_id": "subnet-00a4a9783cdfdf38a",
            "tags": {
              "Name": "source-windows"
            },
            "tags_all": {
              "Name": "source-windows",
              "client": "edmentum",
              "owner": "sai",
              "project": "cloudendure to elastic DR",
              "site": "demo-source",
              "temporary": "yes",
              "terraform": "yes"
            },
            "tenancy": "default",
            "timeouts": {
              "create": null,
              "delete": null,
              "update": null
            },
            "user_data": null,
            "user_data_base64": null,
            "user_data_replace_on_change": false,
            "volume_tags": null,
            "vpc_security_group_ids": [
              "sg-0e8c0ea060302a6c7"
            ]
          },
          "sensitive_attributes": [],
          "private": "eyJlMmJmYjczMC1lY2FhLTExZTYtOGY4OC0zNDM2M2JjN2M0YzAiOnsiY3JlYXRlIjo2MDAwMDAwMDAwMDAsImRlbGV0ZSI6MTIwMDAwMDAwMDAwMCwidXBkYXRlIjo2MDAwMDAwMDAwMDB9LCJzY2hlbWFfdmVyc2lvbiI6IjEifQ==",
          "dependencies": [
            "data.aws_availability_zones.available",
            "data.aws_caller_identity.current",
            "module.ec2_windows_private.aws_iam_instance_profile.this",
            "module.ec2_windows_private.aws_iam_role.this",
            "module.ec2_windows_private.data.aws_iam_policy_document.assume_role_policy",
            "module.ec2_windows_private.data.aws_partition.current",
            "module.ec2_windows_private.data.aws_ssm_parameter.this",
            "module.iam_assumable_role_admin.aws_iam_instance_profile.this",
            "module.iam_assumable_role_admin.aws_iam_role.this",
            "module.iam_assumable_role_admin.data.aws_caller_identity.current",
            "module.iam_assumable_role_admin.data.aws_iam_policy_document.assume_role",
            "module.iam_assumable_role_admin.data.aws_iam_policy_document.assume_role_with_mfa",
            "module.iam_assumable_role_admin.data.aws_partition.current",
            "module.security-group.aws_security_group.this",
            "module.security-group.aws_security_group.this_name_prefix",
            "module.vpc.aws_subnet.public",
            "module.vpc.aws_vpc.this",
            "module.vpc.aws_vpc_ipv4_cidr_block_association.this"
          ]
        }
      ]
    },
    {
      "module": "module.edr_assessment_role",
      "mode": "data",
      "type": "aws_caller_identity",
      "name": "current",
      "provider": "provider[\"registry.terraform.io/hashicorp/aws\"]",
      "instances": [
        {
          "schema_version": 0,
          "attributes": {
            "account_id": "591642074504",
            "arn": "arn:aws:sts::591642074504:assumed-role/AWSReservedSSO_EdmentumSBST_Admins_74c02062d412aa10/shein@edmentum.com",
            "id": "591642074504",
            "user_id": "AROAYTQE5TWEAYDN4CXAI:shein@edmentum.com"
          },
          "sensitive_attributes": []
        }
      ]
    },
    {
      "module": "module.edr_assessment_role",
      "mode": "data",
      "type": "aws_iam_policy_document",
      "name": "assume_role",
      "provider": "provider[\"registry.terraform.io/hashicorp/aws\"]",
      "instances": [
        {
          "index_key": 0,
          "schema_version": 0,
          "attributes": {
            "id": "2541254876",
            "json": "{\n  \"Version\": \"2012-10-17\",\n  \"Statement\": [\n    {\n      \"Effect\": \"Allow\",\n      \"Action\": [\n        \"sts:TagSession\",\n        \"sts:AssumeRole\"\n      ],\n      \"Principal\": {\n        \"AWS\": \"arn:aws:iam::591642074504:root\",\n        \"Service\": \"drs.amazonaws.com\"\n      }\n    }\n  ]\n}",
            "override_policy_documents": null,
            "policy_id": null,
            "source_policy_documents": null,
            "statement": [
              {
                "actions": [
                  "sts:AssumeRole",
                  "sts:TagSession"
                ],
                "condition": [],
                "effect": "Allow",
                "not_actions": [],
                "not_principals": [],
                "not_resources": [],
                "principals": [
                  {
                    "identifiers": [
                      "arn:aws:iam::591642074504:root"
                    ],
                    "type": "AWS"
                  },
                  {
                    "identifiers": [
                      "drs.amazonaws.com"
                    ],
                    "type": "Service"
                  }
                ],
                "resources": [],
                "sid": ""
              }
            ],
            "version": "2012-10-17"
          },
          "sensitive_attributes": []
        }
      ]
    },
    {
      "module": "module.edr_assessment_role",
      "mode": "data",
      "type": "aws_partition",
      "name": "current",
      "provider": "provider[\"registry.terraform.io/hashicorp/aws\"]",
      "instances": [
        {
          "schema_version": 0,
          "attributes": {
            "dns_suffix": "amazonaws.com",
            "id": "aws",
            "partition": "aws",
            "reverse_dns_prefix": "com.amazonaws"
          },
          "sensitive_attributes": []
        }
      ]
    },
    {
      "module": "module.edr_assessment_role",
      "mode": "managed",
      "type": "aws_iam_instance_profile",
      "name": "this",
      "provider": "provider[\"registry.terraform.io/hashicorp/aws\"]",
      "instances": [
        {
          "index_key": 0,
          "schema_version": 0,
          "attributes": {
            "arn": "arn:aws:iam::591642074504:instance-profile/cloud_endure_assessment_role",
            "create_date": "2023-08-24T22:26:09Z",
            "id": "cloud_endure_assessment_role",
            "name": "cloud_endure_assessment_role",
            "name_prefix": "",
            "path": "/",
            "role": "cloud_endure_assessment_role",
            "tags": {},
            "tags_all": {
              "client": "edmentum",
              "owner": "sai",
              "project": "cloudendure to elastic DR",
              "site": "demo-source",
              "temporary": "yes",
              "terraform": "yes"
            },
            "unique_id": "AIPAYTQE5TWEMF6AH36KK"
          },
          "sensitive_attributes": [],
          "private": "bnVsbA==",
          "dependencies": [
            "data.aws_caller_identity.current",
            "module.edr_assessment_role.aws_iam_role.this",
            "module.edr_assessment_role.data.aws_caller_identity.current",
            "module.edr_assessment_role.data.aws_iam_policy_document.assume_role",
            "module.edr_assessment_role.data.aws_iam_policy_document.assume_role_with_mfa",
            "module.edr_assessment_role.data.aws_partition.current"
          ]
        }
      ]
    },
    {
      "module": "module.edr_assessment_role",
      "mode": "managed",
      "type": "aws_iam_role",
      "name": "this",
      "provider": "provider[\"registry.terraform.io/hashicorp/aws\"]",
      "instances": [
        {
          "index_key": 0,
          "schema_version": 0,
          "attributes": {
            "arn": "arn:aws:iam::591642074504:role/cloud_endure_assessment_role",
            "assume_role_policy": "{\"Statement\":[{\"Action\":[\"sts:TagSession\",\"sts:AssumeRole\"],\"Effect\":\"Allow\",\"Principal\":{\"AWS\":\"arn:aws:iam::591642074504:root\",\"Service\":\"drs.amazonaws.com\"}}],\"Version\":\"2012-10-17\"}",
            "create_date": "2023-08-24T22:26:08Z",
            "description": "",
            "force_detach_policies": false,
            "id": "cloud_endure_assessment_role",
            "inline_policy": [],
            "managed_policy_arns": [
              "arn:aws:iam::591642074504:policy/CEDRAccessmentPolicy",
              "arn:aws:iam::aws:policy/AmazonSSMManagedInstanceCore",
              "arn:aws:iam::aws:policy/CloudWatchAgentServerPolicy"
            ],
            "max_session_duration": 3600,
            "name": "cloud_endure_assessment_role",
            "name_prefix": "",
            "path": "/",
            "permissions_boundary": "",
            "tags": {},
            "tags_all": {
              "client": "edmentum",
              "owner": "sai",
              "project": "cloudendure to elastic DR",
              "site": "demo-source",
              "temporary": "yes",
              "terraform": "yes"
            },
            "unique_id": "AROAYTQE5TWECSSETUVJO"
          },
          "sensitive_attributes": [],
          "private": "bnVsbA==",
          "dependencies": [
            "data.aws_caller_identity.current",
            "module.edr_assessment_role.data.aws_caller_identity.current",
            "module.edr_assessment_role.data.aws_iam_policy_document.assume_role",
            "module.edr_assessment_role.data.aws_iam_policy_document.assume_role_with_mfa",
            "module.edr_assessment_role.data.aws_partition.current"
          ]
        }
      ]
    },
    {
      "module": "module.edr_assessment_role",
      "mode": "managed",
      "type": "aws_iam_role_policy_attachment",
      "name": "custom",
      "provider": "provider[\"registry.terraform.io/hashicorp/aws\"]",
      "instances": [
        {
          "index_key": 0,
          "schema_version": 0,
          "attributes": {
            "id": "cloud_endure_assessment_role-20230824222616962100000002",
            "policy_arn": "arn:aws:iam::591642074504:policy/CEDRAccessmentPolicy",
            "role": "cloud_endure_assessment_role"
          },
          "sensitive_attributes": [],
          "private": "bnVsbA==",
          "dependencies": [
            "aws_iam_policy.cloud_endure",
            "data.aws_caller_identity.current",
            "data.aws_iam_policy_document.cloud_endure",
            "module.edr_assessment_role.aws_iam_role.this",
            "module.edr_assessment_role.data.aws_caller_identity.current",
            "module.edr_assessment_role.data.aws_iam_policy_document.assume_role",
            "module.edr_assessment_role.data.aws_iam_policy_document.assume_role_with_mfa",
            "module.edr_assessment_role.data.aws_partition.current"
          ]
        },
        {
          "index_key": 1,
          "schema_version": 0,
          "attributes": {
            "id": "cloud_endure_assessment_role-20230824222616842000000001",
            "policy_arn": "arn:aws:iam::aws:policy/AmazonSSMManagedInstanceCore",
            "role": "cloud_endure_assessment_role"
          },
          "sensitive_attributes": [],
          "private": "bnVsbA==",
          "dependencies": [
            "aws_iam_policy.cloud_endure",
            "data.aws_caller_identity.current",
            "data.aws_iam_policy_document.cloud_endure",
            "module.edr_assessment_role.aws_iam_role.this",
            "module.edr_assessment_role.data.aws_caller_identity.current",
            "module.edr_assessment_role.data.aws_iam_policy_document.assume_role",
            "module.edr_assessment_role.data.aws_iam_policy_document.assume_role_with_mfa",
            "module.edr_assessment_role.data.aws_partition.current"
          ]
        },
        {
          "index_key": 2,
          "schema_version": 0,
          "attributes": {
            "id": "cloud_endure_assessment_role-20230824222616969600000003",
            "policy_arn": "arn:aws:iam::aws:policy/CloudWatchAgentServerPolicy",
            "role": "cloud_endure_assessment_role"
          },
          "sensitive_attributes": [],
          "private": "bnVsbA==",
          "dependencies": [
            "aws_iam_policy.cloud_endure",
            "data.aws_caller_identity.current",
            "data.aws_iam_policy_document.cloud_endure",
            "module.edr_assessment_role.aws_iam_role.this",
            "module.edr_assessment_role.data.aws_caller_identity.current",
            "module.edr_assessment_role.data.aws_iam_policy_document.assume_role",
            "module.edr_assessment_role.data.aws_iam_policy_document.assume_role_with_mfa",
            "module.edr_assessment_role.data.aws_partition.current"
          ]
        }
      ]
    },
    {
      "module": "module.edr_network_role",
      "mode": "data",
      "type": "aws_caller_identity",
      "name": "current",
      "provider": "provider[\"registry.terraform.io/hashicorp/aws\"]",
      "instances": [
        {
          "schema_version": 0,
          "attributes": {
            "account_id": "591642074504",
            "arn": "arn:aws:sts::591642074504:assumed-role/AWSReservedSSO_EdmentumSBST_Admins_74c02062d412aa10/shein@edmentum.com",
            "id": "591642074504",
            "user_id": "AROAYTQE5TWEAYDN4CXAI:shein@edmentum.com"
          },
          "sensitive_attributes": []
        }
      ]
    },
    {
      "module": "module.edr_network_role",
      "mode": "data",
      "type": "aws_iam_policy_document",
      "name": "assume_role",
      "provider": "provider[\"registry.terraform.io/hashicorp/aws\"]",
      "instances": [
        {
          "index_key": 0,
          "schema_version": 0,
          "attributes": {
            "id": "2541254876",
            "json": "{\n  \"Version\": \"2012-10-17\",\n  \"Statement\": [\n    {\n      \"Effect\": \"Allow\",\n      \"Action\": [\n        \"sts:TagSession\",\n        \"sts:AssumeRole\"\n      ],\n      \"Principal\": {\n        \"AWS\": \"arn:aws:iam::591642074504:root\",\n        \"Service\": \"drs.amazonaws.com\"\n      }\n    }\n  ]\n}",
            "override_policy_documents": null,
            "policy_id": null,
            "source_policy_documents": null,
            "statement": [
              {
                "actions": [
                  "sts:AssumeRole",
                  "sts:TagSession"
                ],
                "condition": [],
                "effect": "Allow",
                "not_actions": [],
                "not_principals": [],
                "not_resources": [],
                "principals": [
                  {
                    "identifiers": [
                      "arn:aws:iam::591642074504:root"
                    ],
                    "type": "AWS"
                  },
                  {
                    "identifiers": [
                      "drs.amazonaws.com"
                    ],
                    "type": "Service"
                  }
                ],
                "resources": [],
                "sid": ""
              }
            ],
            "version": "2012-10-17"
          },
          "sensitive_attributes": []
        }
      ]
    },
    {
      "module": "module.edr_network_role",
      "mode": "data",
      "type": "aws_partition",
      "name": "current",
      "provider": "provider[\"registry.terraform.io/hashicorp/aws\"]",
      "instances": [
        {
          "schema_version": 0,
          "attributes": {
            "dns_suffix": "amazonaws.com",
            "id": "aws",
            "partition": "aws",
            "reverse_dns_prefix": "com.amazonaws"
          },
          "sensitive_attributes": []
        }
      ]
    },
    {
      "module": "module.edr_network_role",
      "mode": "managed",
      "type": "aws_iam_role",
      "name": "this",
      "provider": "provider[\"registry.terraform.io/hashicorp/aws\"]",
      "instances": [
        {
          "index_key": 0,
          "schema_version": 0,
          "attributes": {
            "arn": "arn:aws:iam::591642074504:role/edr_network_role",
            "assume_role_policy": "{\"Statement\":[{\"Action\":[\"sts:TagSession\",\"sts:AssumeRole\"],\"Effect\":\"Allow\",\"Principal\":{\"AWS\":\"arn:aws:iam::591642074504:root\",\"Service\":\"drs.amazonaws.com\"}}],\"Version\":\"2012-10-17\"}",
            "create_date": "2023-08-22T19:19:37Z",
            "description": "",
            "force_detach_policies": false,
            "id": "edr_network_role",
            "inline_policy": [],
            "managed_policy_arns": [
              "arn:aws:iam::591642074504:policy/EDRnetworkpolicy"
            ],
            "max_session_duration": 3600,
            "name": "edr_network_role",
            "name_prefix": "",
            "path": "/",
            "permissions_boundary": "",
            "tags": {},
            "tags_all": {
              "client": "edmentum",
              "owner": "sai",
              "project": "cloudendure to elastic DR",
              "site": "demo-source",
              "temporary": "yes",
              "terraform": "yes"
            },
            "unique_id": "AROAYTQE5TWEAQXC6GJRG"
          },
          "sensitive_attributes": [],
          "private": "bnVsbA==",
          "dependencies": [
            "data.aws_caller_identity.current",
            "module.edr_network_role.data.aws_caller_identity.current",
            "module.edr_network_role.data.aws_iam_policy_document.assume_role",
            "module.edr_network_role.data.aws_iam_policy_document.assume_role_with_mfa",
            "module.edr_network_role.data.aws_partition.current"
          ]
        }
      ]
    },
    {
      "module": "module.edr_network_role",
      "mode": "managed",
      "type": "aws_iam_role_policy_attachment",
      "name": "custom",
      "provider": "provider[\"registry.terraform.io/hashicorp/aws\"]",
      "instances": [
        {
          "index_key": 0,
          "schema_version": 0,
          "attributes": {
            "id": "edr_network_role-20230822192239501000000001",
            "policy_arn": "arn:aws:iam::591642074504:policy/EDRnetworkpolicy",
            "role": "edr_network_role"
          },
          "sensitive_attributes": [],
          "private": "bnVsbA==",
          "dependencies": [
            "aws_iam_policy.s3_access_policy",
            "data.aws_caller_identity.current",
            "data.aws_iam_policy_document.bucket_and_object_policy",
            "module.edr_network_role.aws_iam_role.this",
            "module.edr_network_role.data.aws_caller_identity.current",
            "module.edr_network_role.data.aws_iam_policy_document.assume_role",
            "module.edr_network_role.data.aws_iam_policy_document.assume_role_with_mfa",
            "module.edr_network_role.data.aws_partition.current"
          ]
        }
      ]
    },
    {
      "module": "module.iam_assumable_role_admin",
      "mode": "data",
      "type": "aws_caller_identity",
      "name": "current",
      "provider": "provider[\"registry.terraform.io/hashicorp/aws\"]",
      "instances": [
        {
          "schema_version": 0,
          "attributes": {
            "account_id": "591642074504",
            "arn": "arn:aws:sts::591642074504:assumed-role/AWSReservedSSO_EdmentumSBST_Admins_74c02062d412aa10/shein@edmentum.com",
            "id": "591642074504",
            "user_id": "AROAYTQE5TWEAYDN4CXAI:shein@edmentum.com"
          },
          "sensitive_attributes": []
        }
      ]
    },
    {
      "module": "module.iam_assumable_role_admin",
      "mode": "data",
      "type": "aws_iam_policy_document",
      "name": "assume_role",
      "provider": "provider[\"registry.terraform.io/hashicorp/aws\"]",
      "instances": [
        {
          "index_key": 0,
          "schema_version": 0,
          "attributes": {
            "id": "1588305915",
            "json": "{\n  \"Version\": \"2012-10-17\",\n  \"Statement\": [\n    {\n      \"Effect\": \"Allow\",\n      \"Action\": [\n        \"sts:TagSession\",\n        \"sts:AssumeRole\"\n      ],\n      \"Principal\": {\n        \"AWS\": \"arn:aws:iam::591642074504:root\",\n        \"Service\": \"ec2.amazonaws.com\"\n      }\n    }\n  ]\n}",
            "override_policy_documents": null,
            "policy_id": null,
            "source_policy_documents": null,
            "statement": [
              {
                "actions": [
                  "sts:AssumeRole",
                  "sts:TagSession"
                ],
                "condition": [],
                "effect": "Allow",
                "not_actions": [],
                "not_principals": [],
                "not_resources": [],
                "principals": [
                  {
                    "identifiers": [
                      "arn:aws:iam::591642074504:root"
                    ],
                    "type": "AWS"
                  },
                  {
                    "identifiers": [
                      "ec2.amazonaws.com"
                    ],
                    "type": "Service"
                  }
                ],
                "resources": [],
                "sid": ""
              }
            ],
            "version": "2012-10-17"
          },
          "sensitive_attributes": []
        }
      ]
    },
    {
      "module": "module.iam_assumable_role_admin",
      "mode": "data",
      "type": "aws_partition",
      "name": "current",
      "provider": "provider[\"registry.terraform.io/hashicorp/aws\"]",
      "instances": [
        {
          "schema_version": 0,
          "attributes": {
            "dns_suffix": "amazonaws.com",
            "id": "aws",
            "partition": "aws",
            "reverse_dns_prefix": "com.amazonaws"
          },
          "sensitive_attributes": []
        }
      ]
    },
    {
      "module": "module.iam_assumable_role_admin",
      "mode": "managed",
      "type": "aws_iam_instance_profile",
      "name": "this",
      "provider": "provider[\"registry.terraform.io/hashicorp/aws\"]",
      "instances": [
        {
          "index_key": 0,
          "schema_version": 0,
          "attributes": {
            "arn": "arn:aws:iam::591642074504:instance-profile/drs_agent_installation_role",
            "create_date": "2023-08-24T22:24:41Z",
            "id": "drs_agent_installation_role",
            "name": "drs_agent_installation_role",
            "name_prefix": "",
            "path": "/",
            "role": "drs_agent_installation_role",
            "tags": {},
            "tags_all": {
              "client": "edmentum",
              "owner": "sai",
              "project": "cloudendure to elastic DR",
              "site": "demo-source",
              "temporary": "yes",
              "terraform": "yes"
            },
            "unique_id": "AIPAYTQE5TWEAX7X7VNFE"
          },
          "sensitive_attributes": [],
          "private": "bnVsbA==",
          "dependencies": [
            "data.aws_caller_identity.current",
            "module.iam_assumable_role_admin.aws_iam_role.this",
            "module.iam_assumable_role_admin.data.aws_caller_identity.current",
            "module.iam_assumable_role_admin.data.aws_iam_policy_document.assume_role",
            "module.iam_assumable_role_admin.data.aws_iam_policy_document.assume_role_with_mfa",
            "module.iam_assumable_role_admin.data.aws_partition.current"
          ]
        }
      ]
    },
    {
      "module": "module.iam_assumable_role_admin",
      "mode": "managed",
      "type": "aws_iam_role",
      "name": "this",
      "provider": "provider[\"registry.terraform.io/hashicorp/aws\"]",
      "instances": [
        {
          "index_key": 0,
          "schema_version": 0,
          "attributes": {
            "arn": "arn:aws:iam::591642074504:role/drs_agent_installation_role",
            "assume_role_policy": "{\"Statement\":[{\"Action\":[\"sts:TagSession\",\"sts:AssumeRole\"],\"Effect\":\"Allow\",\"Principal\":{\"AWS\":\"arn:aws:iam::591642074504:root\",\"Service\":\"ec2.amazonaws.com\"}}],\"Version\":\"2012-10-17\"}",
            "create_date": "2023-08-24T22:24:41Z",
            "description": "",
            "force_detach_policies": false,
            "id": "drs_agent_installation_role",
            "inline_policy": [],
            "managed_policy_arns": [
              "arn:aws:iam::aws:policy/AWSElasticDisasterRecoveryAgentInstallationPolicy",
              "arn:aws:iam::aws:policy/AmazonSSMManagedInstanceCore",
              "arn:aws:iam::aws:policy/CloudWatchAgentServerPolicy"
            ],
            "max_session_duration": 3600,
            "name": "drs_agent_installation_role",
            "name_prefix": "",
            "path": "/",
            "permissions_boundary": "",
            "tags": {},
            "tags_all": {
              "client": "edmentum",
              "owner": "sai",
              "project": "cloudendure to elastic DR",
              "site": "demo-source",
              "temporary": "yes",
              "terraform": "yes"
            },
            "unique_id": "AROAYTQE5TWEFVGSLFEVX"
          },
          "sensitive_attributes": [],
          "private": "bnVsbA==",
          "dependencies": [
            "data.aws_caller_identity.current",
            "module.iam_assumable_role_admin.data.aws_caller_identity.current",
            "module.iam_assumable_role_admin.data.aws_iam_policy_document.assume_role",
            "module.iam_assumable_role_admin.data.aws_iam_policy_document.assume_role_with_mfa",
            "module.iam_assumable_role_admin.data.aws_partition.current"
          ]
        }
      ]
    },
    {
      "module": "module.iam_assumable_role_admin",
      "mode": "managed",
      "type": "aws_iam_role_policy_attachment",
      "name": "custom",
      "provider": "provider[\"registry.terraform.io/hashicorp/aws\"]",
      "instances": [
        {
          "index_key": 0,
          "schema_version": 0,
          "attributes": {
            "id": "drs_agent_installation_role-20230824222449268900000003",
            "policy_arn": "arn:aws:iam::aws:policy/AmazonSSMManagedInstanceCore",
            "role": "drs_agent_installation_role"
          },
          "sensitive_attributes": [],
          "private": "bnVsbA==",
          "dependencies": [
            "data.aws_caller_identity.current",
            "module.iam_assumable_role_admin.aws_iam_role.this",
            "module.iam_assumable_role_admin.data.aws_caller_identity.current",
            "module.iam_assumable_role_admin.data.aws_iam_policy_document.assume_role",
            "module.iam_assumable_role_admin.data.aws_iam_policy_document.assume_role_with_mfa",
            "module.iam_assumable_role_admin.data.aws_partition.current"
          ]
        },
        {
          "index_key": 1,
          "schema_version": 0,
          "attributes": {
            "id": "drs_agent_installation_role-20230824222449271100000004",
            "policy_arn": "arn:aws:iam::aws:policy/CloudWatchAgentServerPolicy",
            "role": "drs_agent_installation_role"
          },
          "sensitive_attributes": [],
          "private": "bnVsbA==",
          "dependencies": [
            "data.aws_caller_identity.current",
            "module.iam_assumable_role_admin.aws_iam_role.this",
            "module.iam_assumable_role_admin.data.aws_caller_identity.current",
            "module.iam_assumable_role_admin.data.aws_iam_policy_document.assume_role",
            "module.iam_assumable_role_admin.data.aws_iam_policy_document.assume_role_with_mfa",
            "module.iam_assumable_role_admin.data.aws_partition.current"
          ]
        },
        {
          "index_key": 2,
          "schema_version": 0,
          "attributes": {
            "id": "drs_agent_installation_role-20230824223235986100000001",
            "policy_arn": "arn:aws:iam::aws:policy/AWSElasticDisasterRecoveryAgentInstallationPolicy",
            "role": "drs_agent_installation_role"
          },
          "sensitive_attributes": [],
          "private": "bnVsbA==",
          "dependencies": [
            "data.aws_caller_identity.current",
            "module.iam_assumable_role_admin.aws_iam_role.this",
            "module.iam_assumable_role_admin.data.aws_caller_identity.current",
            "module.iam_assumable_role_admin.data.aws_iam_policy_document.assume_role",
            "module.iam_assumable_role_admin.data.aws_iam_policy_document.assume_role_with_mfa",
            "module.iam_assumable_role_admin.data.aws_partition.current"
          ]
        }
      ]
    },
    {
      "module": "module.iam_user",
      "mode": "managed",
      "type": "aws_iam_user",
      "name": "this",
      "provider": "provider[\"registry.terraform.io/hashicorp/aws\"]",
      "instances": [
        {
          "index_key": 0,
          "schema_version": 0,
          "attributes": {
            "arn": "arn:aws:iam::591642074504:user/CEDR_DRS_User",
            "force_destroy": true,
            "id": "CEDR_DRS_User",
            "name": "CEDR_DRS_User",
            "path": "/",
            "permissions_boundary": "",
            "tags": {},
            "tags_all": {
              "client": "edmentum",
              "owner": "sai",
              "project": "cloudendure to elastic DR",
              "site": "demo-source",
              "temporary": "yes",
              "terraform": "yes"
            },
            "unique_id": "AIDAYTQE5TWEIQONSIE4Y"
          },
          "sensitive_attributes": [],
          "private": "bnVsbA=="
        }
      ]
    },
    {
      "module": "module.iam_user",
      "mode": "managed",
      "type": "aws_iam_user_policy_attachment",
      "name": "this",
      "provider": "provider[\"registry.terraform.io/hashicorp/aws\"]",
      "instances": [
        {
          "index_key": "arn:aws:iam::591642074504:policy/cloudendure_to_aws_edr_upgrade_policy",
          "schema_version": 0,
          "attributes": {
            "id": "CEDR_DRS_User-20230824235748739000000001",
            "policy_arn": "arn:aws:iam::591642074504:policy/cloudendure_to_aws_edr_upgrade_policy",
            "user": "CEDR_DRS_User"
          },
          "sensitive_attributes": [],
          "private": "bnVsbA==",
          "dependencies": [
            "aws_iam_policy.example_policy",
            "module.iam_user.aws_iam_user.this"
          ]
        },
        {
          "index_key": "arn:aws:iam::aws:policy/AWSElasticDisasterRecoveryAgentInstallationPolicy",
          "schema_version": 0,
          "attributes": {
            "id": "CEDR_DRS_User-20230824235748810500000002",
            "policy_arn": "arn:aws:iam::aws:policy/AWSElasticDisasterRecoveryAgentInstallationPolicy",
            "user": "CEDR_DRS_User"
          },
          "sensitive_attributes": [],
          "private": "bnVsbA==",
          "dependencies": [
            "aws_iam_policy.example_policy",
            "module.iam_user.aws_iam_user.this"
          ]
        }
      ]
    },
    {
      "module": "module.s3_bucket",
      "mode": "data",
      "type": "aws_caller_identity",
      "name": "current",
      "provider": "provider[\"registry.terraform.io/hashicorp/aws\"]",
      "instances": [
        {
          "schema_version": 0,
          "attributes": {
            "account_id": "591642074504",
            "arn": "arn:aws:sts::591642074504:assumed-role/AWSReservedSSO_EdmentumSBST_Admins_74c02062d412aa10/shein@edmentum.com",
            "id": "591642074504",
            "user_id": "AROAYTQE5TWEAYDN4CXAI:shein@edmentum.com"
          },
          "sensitive_attributes": []
        }
      ]
    },
    {
      "module": "module.s3_bucket",
      "mode": "data",
      "type": "aws_canonical_user_id",
      "name": "this",
      "provider": "provider[\"registry.terraform.io/hashicorp/aws\"]",
      "instances": [
        {
          "schema_version": 0,
          "attributes": {
            "display_name": "",
            "id": "f2db99cfb40339000a2241f44c70c4241c912842249fd3983ef420e25c6cb2d7"
          },
          "sensitive_attributes": []
        }
      ]
    },
    {
      "module": "module.s3_bucket",
      "mode": "data",
      "type": "aws_partition",
      "name": "current",
      "provider": "provider[\"registry.terraform.io/hashicorp/aws\"]",
      "instances": [
        {
          "schema_version": 0,
          "attributes": {
            "dns_suffix": "amazonaws.com",
            "id": "aws",
            "partition": "aws",
            "reverse_dns_prefix": "com.amazonaws"
          },
          "sensitive_attributes": []
        }
      ]
    },
    {
      "module": "module.s3_bucket",
      "mode": "data",
      "type": "aws_region",
      "name": "current",
      "provider": "provider[\"registry.terraform.io/hashicorp/aws\"]",
      "instances": [
        {
          "schema_version": 0,
          "attributes": {
            "description": "US East (Ohio)",
            "endpoint": "ec2.us-east-2.amazonaws.com",
            "id": "us-east-2",
            "name": "us-east-2"
          },
          "sensitive_attributes": []
        }
      ]
    },
    {
      "module": "module.s3_bucket",
      "mode": "managed",
      "type": "aws_s3_bucket",
      "name": "this",
      "provider": "provider[\"registry.terraform.io/hashicorp/aws\"]",
      "instances": [
        {
          "index_key": 0,
          "schema_version": 0,
          "attributes": {
            "acceleration_status": "",
            "acl": null,
            "arn": "arn:aws:s3:::demo-edr-bucket",
            "bucket": "demo-edr-bucket",
            "bucket_domain_name": "demo-edr-bucket.s3.amazonaws.com",
            "bucket_prefix": "",
            "bucket_regional_domain_name": "demo-edr-bucket.s3.us-east-2.amazonaws.com",
            "cors_rule": [],
            "force_destroy": false,
            "grant": [
              {
                "id": "f2db99cfb40339000a2241f44c70c4241c912842249fd3983ef420e25c6cb2d7",
                "permissions": [
                  "FULL_CONTROL"
                ],
                "type": "CanonicalUser",
                "uri": ""
              }
            ],
            "hosted_zone_id": "Z2O1EMRO9K5GLX",
            "id": "demo-edr-bucket",
            "lifecycle_rule": [],
            "logging": [],
            "object_lock_configuration": [],
            "object_lock_enabled": false,
            "policy": "",
            "region": "us-east-2",
            "replication_configuration": [],
            "request_payer": "BucketOwner",
            "server_side_encryption_configuration": [
              {
                "rule": [
                  {
                    "apply_server_side_encryption_by_default": [
                      {
                        "kms_master_key_id": "",
                        "sse_algorithm": "AES256"
                      }
                    ],
                    "bucket_key_enabled": false
                  }
                ]
              }
            ],
            "tags": {},
            "tags_all": {
              "client": "edmentum",
              "owner": "sai",
              "project": "cloudendure to elastic DR",
              "site": "demo-source",
              "temporary": "yes",
              "terraform": "yes"
            },
            "timeouts": null,
            "versioning": [
              {
                "enabled": true,
                "mfa_delete": false
              }
            ],
            "website": [],
            "website_domain": null,
            "website_endpoint": null
          },
          "sensitive_attributes": [],
          "private": "eyJlMmJmYjczMC1lY2FhLTExZTYtOGY4OC0zNDM2M2JjN2M0YzAiOnsiY3JlYXRlIjoxMjAwMDAwMDAwMDAwLCJkZWxldGUiOjM2MDAwMDAwMDAwMDAsInJlYWQiOjEyMDAwMDAwMDAwMDAsInVwZGF0ZSI6MTIwMDAwMDAwMDAwMH19"
        }
      ]
    },
    {
      "module": "module.s3_bucket",
      "mode": "managed",
      "type": "aws_s3_bucket_acl",
      "name": "this",
      "provider": "provider[\"registry.terraform.io/hashicorp/aws\"]",
      "instances": [
        {
          "index_key": 0,
          "schema_version": 0,
          "attributes": {
            "access_control_policy": [
              {
                "grant": [
                  {
                    "grantee": [
                      {
                        "display_name": "",
                        "email_address": "",
                        "id": "f2db99cfb40339000a2241f44c70c4241c912842249fd3983ef420e25c6cb2d7",
                        "type": "CanonicalUser",
                        "uri": ""
                      }
                    ],
                    "permission": "FULL_CONTROL"
                  }
                ],
                "owner": [
                  {
                    "display_name": "",
                    "id": "f2db99cfb40339000a2241f44c70c4241c912842249fd3983ef420e25c6cb2d7"
                  }
                ]
              }
            ],
            "acl": "private",
            "bucket": "demo-edr-bucket",
            "expected_bucket_owner": "",
            "id": "demo-edr-bucket,private"
          },
          "sensitive_attributes": [],
          "private": "bnVsbA==",
          "dependencies": [
            "module.s3_bucket.aws_s3_bucket.this",
            "module.s3_bucket.aws_s3_bucket_ownership_controls.this",
            "module.s3_bucket.aws_s3_bucket_policy.this",
            "module.s3_bucket.aws_s3_bucket_public_access_block.this",
            "module.s3_bucket.data.aws_caller_identity.current",
            "module.s3_bucket.data.aws_canonical_user_id.this",
            "module.s3_bucket.data.aws_iam_policy_document.access_log_delivery",
            "module.s3_bucket.data.aws_iam_policy_document.combined",
            "module.s3_bucket.data.aws_iam_policy_document.deny_incorrect_encryption_headers",
            "module.s3_bucket.data.aws_iam_policy_document.deny_incorrect_kms_key_sse",
            "module.s3_bucket.data.aws_iam_policy_document.deny_insecure_transport",
            "module.s3_bucket.data.aws_iam_policy_document.deny_unencrypted_object_uploads",
            "module.s3_bucket.data.aws_iam_policy_document.elb_log_delivery",
            "module.s3_bucket.data.aws_iam_policy_document.inventory_and_analytics_destination_policy",
            "module.s3_bucket.data.aws_iam_policy_document.lb_log_delivery",
            "module.s3_bucket.data.aws_iam_policy_document.require_latest_tls",
            "module.s3_bucket.data.aws_partition.current",
            "module.s3_bucket.data.aws_region.current"
          ]
        }
      ]
    },
    {
      "module": "module.s3_bucket",
      "mode": "managed",
      "type": "aws_s3_bucket_ownership_controls",
      "name": "this",
      "provider": "provider[\"registry.terraform.io/hashicorp/aws\"]",
      "instances": [
        {
          "index_key": 0,
          "schema_version": 0,
          "attributes": {
            "bucket": "demo-edr-bucket",
            "id": "demo-edr-bucket",
            "rule": [
              {
                "object_ownership": "ObjectWriter"
              }
            ]
          },
          "sensitive_attributes": [],
          "private": "bnVsbA==",
          "dependencies": [
            "module.s3_bucket.aws_s3_bucket.this",
            "module.s3_bucket.aws_s3_bucket_policy.this",
            "module.s3_bucket.aws_s3_bucket_public_access_block.this",
            "module.s3_bucket.data.aws_caller_identity.current",
            "module.s3_bucket.data.aws_iam_policy_document.access_log_delivery",
            "module.s3_bucket.data.aws_iam_policy_document.combined",
            "module.s3_bucket.data.aws_iam_policy_document.deny_incorrect_encryption_headers",
            "module.s3_bucket.data.aws_iam_policy_document.deny_incorrect_kms_key_sse",
            "module.s3_bucket.data.aws_iam_policy_document.deny_insecure_transport",
            "module.s3_bucket.data.aws_iam_policy_document.deny_unencrypted_object_uploads",
            "module.s3_bucket.data.aws_iam_policy_document.elb_log_delivery",
            "module.s3_bucket.data.aws_iam_policy_document.inventory_and_analytics_destination_policy",
            "module.s3_bucket.data.aws_iam_policy_document.lb_log_delivery",
            "module.s3_bucket.data.aws_iam_policy_document.require_latest_tls",
            "module.s3_bucket.data.aws_partition.current",
            "module.s3_bucket.data.aws_region.current"
          ]
        }
      ]
    },
    {
      "module": "module.s3_bucket",
      "mode": "managed",
      "type": "aws_s3_bucket_public_access_block",
      "name": "this",
      "provider": "provider[\"registry.terraform.io/hashicorp/aws\"]",
      "instances": [
        {
          "index_key": 0,
          "schema_version": 0,
          "attributes": {
            "block_public_acls": true,
            "block_public_policy": true,
            "bucket": "demo-edr-bucket",
            "id": "demo-edr-bucket",
            "ignore_public_acls": true,
            "restrict_public_buckets": true
          },
          "sensitive_attributes": [],
          "private": "bnVsbA==",
          "dependencies": [
            "module.s3_bucket.aws_s3_bucket.this"
          ]
        }
      ]
    },
    {
      "module": "module.s3_bucket",
      "mode": "managed",
      "type": "aws_s3_bucket_versioning",
      "name": "this",
      "provider": "provider[\"registry.terraform.io/hashicorp/aws\"]",
      "instances": [
        {
          "index_key": 0,
          "schema_version": 0,
          "attributes": {
            "bucket": "demo-edr-bucket",
            "expected_bucket_owner": "",
            "id": "demo-edr-bucket",
            "mfa": null,
            "versioning_configuration": [
              {
                "mfa_delete": "",
                "status": "Enabled"
              }
            ]
          },
          "sensitive_attributes": [],
          "private": "bnVsbA==",
          "dependencies": [
            "module.s3_bucket.aws_s3_bucket.this"
          ]
        }
      ]
    },
    {
      "module": "module.security-group[\"ec2_linux\"]",
      "mode": "managed",
      "type": "aws_security_group",
      "name": "this",
      "provider": "provider[\"registry.terraform.io/hashicorp/aws\"]",
      "instances": [
        {
          "index_key": 0,
          "schema_version": 1,
          "attributes": {
            "arn": "arn:aws:ec2:us-east-2:591642074504:security-group/sg-017f38df457440399",
            "description": "EDR Demo SG",
            "egress": [
              {
                "cidr_blocks": [
                  "0.0.0.0/0"
                ],
                "description": "Allow all egress",
                "from_port": 0,
                "ipv6_cidr_blocks": [],
                "prefix_list_ids": [],
                "protocol": "-1",
                "security_groups": [],
                "self": false,
                "to_port": 0
              }
            ],
            "id": "sg-017f38df457440399",
            "ingress": [
              {
                "cidr_blocks": [
                  "0.0.0.0/0"
                ],
                "description": "Allow http Traffic",
                "from_port": 80,
                "ipv6_cidr_blocks": [],
                "prefix_list_ids": [],
                "protocol": "tcp",
                "security_groups": [],
                "self": false,
                "to_port": 80
              },
              {
                "cidr_blocks": [
                  "0.0.0.0/0"
                ],
                "description": "ICMP",
                "from_port": -1,
                "ipv6_cidr_blocks": [],
                "prefix_list_ids": [],
                "protocol": "icmp",
                "security_groups": [],
                "self": false,
                "to_port": -1
              },
              {
                "cidr_blocks": [
                  "10.21.0.0/24"
                ],
                "description": "Traffic from Canada",
                "from_port": 0,
                "ipv6_cidr_blocks": [],
                "prefix_list_ids": [],
                "protocol": "-1",
                "security_groups": [],
                "self": false,
                "to_port": 0
              },
              {
                "cidr_blocks": [
                  "172.25.0.0/24"
                ],
                "description": "Allow Any internal Traffic",
                "from_port": 0,
                "ipv6_cidr_blocks": [],
                "prefix_list_ids": [],
                "protocol": "-1",
                "security_groups": [],
                "self": false,
                "to_port": 0
              },
              {
                "cidr_blocks": [
                  "216.73.178.66/32"
                ],
                "description": "SSH Ingress",
                "from_port": 22,
                "ipv6_cidr_blocks": [],
                "prefix_list_ids": [],
                "protocol": "tcp",
                "security_groups": [],
                "self": false,
                "to_port": 22
              }
            ],
            "name": "ec2_linux",
            "name_prefix": "",
            "owner_id": "591642074504",
            "revoke_rules_on_delete": false,
            "tags": {
              "Name": "ec2_linux"
            },
            "tags_all": {
              "Name": "ec2_linux",
              "client": "edmentum",
              "owner": "sai",
              "project": "cloudendure to elastic DR",
              "site": "demo-source",
              "temporary": "yes",
              "terraform": "yes"
            },
            "timeouts": {
              "create": "10m",
              "delete": "15m"
            },
            "vpc_id": "vpc-074ec1f61d0da2bab"
          },
          "sensitive_attributes": [],
          "private": "eyJlMmJmYjczMC1lY2FhLTExZTYtOGY4OC0zNDM2M2JjN2M0YzAiOnsiY3JlYXRlIjo2MDAwMDAwMDAwMDAsImRlbGV0ZSI6OTAwMDAwMDAwMDAwfSwic2NoZW1hX3ZlcnNpb24iOiIxIn0=",
          "dependencies": [
            "module.vpc.aws_vpc.this"
          ]
        }
      ]
    },
    {
      "module": "module.security-group[\"ec2_linux\"]",
      "mode": "managed",
      "type": "aws_security_group_rule",
      "name": "egress_with_cidr_blocks",
      "provider": "provider[\"registry.terraform.io/hashicorp/aws\"]",
      "instances": [
        {
          "index_key": 0,
          "schema_version": 2,
          "attributes": {
            "cidr_blocks": [
              "0.0.0.0/0"
            ],
            "description": "Allow all egress",
            "from_port": 0,
            "id": "sgrule-4012411122",
            "ipv6_cidr_blocks": null,
            "prefix_list_ids": [],
            "protocol": "-1",
            "security_group_id": "sg-017f38df457440399",
            "security_group_rule_id": "sgr-0f265cd33689d7d69",
            "self": false,
            "source_security_group_id": null,
            "timeouts": null,
            "to_port": 0,
            "type": "egress"
          },
          "sensitive_attributes": [],
          "private": "eyJlMmJmYjczMC1lY2FhLTExZTYtOGY4OC0zNDM2M2JjN2M0YzAiOnsiY3JlYXRlIjozMDAwMDAwMDAwMDB9LCJzY2hlbWFfdmVyc2lvbiI6IjIifQ==",
          "dependencies": [
            "module.security-group.aws_security_group.this",
            "module.security-group.aws_security_group.this_name_prefix",
            "module.vpc.aws_vpc.this"
          ]
        }
      ]
    },
    {
      "module": "module.security-group[\"ec2_linux\"]",
      "mode": "managed",
      "type": "aws_security_group_rule",
      "name": "ingress_with_cidr_blocks",
      "provider": "provider[\"registry.terraform.io/hashicorp/aws\"]",
      "instances": [
        {
          "index_key": 0,
          "schema_version": 2,
          "attributes": {
            "cidr_blocks": [
              "216.73.178.66/32"
            ],
            "description": "SSH Ingress",
            "from_port": 22,
            "id": "sgrule-789263664",
            "ipv6_cidr_blocks": null,
            "prefix_list_ids": [],
            "protocol": "tcp",
            "security_group_id": "sg-017f38df457440399",
            "security_group_rule_id": "sgr-0d4458a2a58ab2170",
            "self": false,
            "source_security_group_id": null,
            "timeouts": null,
            "to_port": 22,
            "type": "ingress"
          },
          "sensitive_attributes": [],
          "private": "eyJlMmJmYjczMC1lY2FhLTExZTYtOGY4OC0zNDM2M2JjN2M0YzAiOnsiY3JlYXRlIjozMDAwMDAwMDAwMDB9LCJzY2hlbWFfdmVyc2lvbiI6IjIifQ==",
          "dependencies": [
            "module.security-group.aws_security_group.this",
            "module.security-group.aws_security_group.this_name_prefix",
            "module.vpc.aws_vpc.this"
          ]
        },
        {
          "index_key": 1,
          "schema_version": 2,
          "attributes": {
            "cidr_blocks": [
              "0.0.0.0/0"
            ],
            "description": "ICMP",
            "from_port": -1,
            "id": "sgrule-3040729183",
            "ipv6_cidr_blocks": null,
            "prefix_list_ids": [],
            "protocol": "icmp",
            "security_group_id": "sg-017f38df457440399",
            "security_group_rule_id": "sgr-047bfc73414dcac7c",
            "self": false,
            "source_security_group_id": null,
            "timeouts": null,
            "to_port": -1,
            "type": "ingress"
          },
          "sensitive_attributes": [],
          "private": "eyJlMmJmYjczMC1lY2FhLTExZTYtOGY4OC0zNDM2M2JjN2M0YzAiOnsiY3JlYXRlIjozMDAwMDAwMDAwMDB9LCJzY2hlbWFfdmVyc2lvbiI6IjIifQ==",
          "dependencies": [
            "module.security-group.aws_security_group.this",
            "module.security-group.aws_security_group.this_name_prefix",
            "module.vpc.aws_vpc.this"
          ]
        },
        {
          "index_key": 2,
          "schema_version": 2,
          "attributes": {
            "cidr_blocks": [
              "0.0.0.0/0"
            ],
            "description": "Allow http Traffic",
            "from_port": 80,
            "id": "sgrule-3155109068",
            "ipv6_cidr_blocks": null,
            "prefix_list_ids": [],
            "protocol": "tcp",
            "security_group_id": "sg-017f38df457440399",
            "security_group_rule_id": "sgr-0c404ea45f1f3a794",
            "self": false,
            "source_security_group_id": null,
            "timeouts": null,
            "to_port": 80,
            "type": "ingress"
          },
          "sensitive_attributes": [],
          "private": "eyJlMmJmYjczMC1lY2FhLTExZTYtOGY4OC0zNDM2M2JjN2M0YzAiOnsiY3JlYXRlIjozMDAwMDAwMDAwMDB9LCJzY2hlbWFfdmVyc2lvbiI6IjIifQ==",
          "dependencies": [
            "module.security-group.aws_security_group.this",
            "module.security-group.aws_security_group.this_name_prefix",
            "module.vpc.aws_vpc.this"
          ]
        },
        {
          "index_key": 3,
          "schema_version": 2,
          "attributes": {
            "cidr_blocks": [
              "172.25.0.0/24"
            ],
            "description": "Allow Any internal Traffic",
            "from_port": 0,
            "id": "sgrule-2340903924",
            "ipv6_cidr_blocks": null,
            "prefix_list_ids": [],
            "protocol": "-1",
            "security_group_id": "sg-017f38df457440399",
            "security_group_rule_id": "sgr-040a3a06e13a9e9ba",
            "self": false,
            "source_security_group_id": null,
            "timeouts": null,
            "to_port": 0,
            "type": "ingress"
          },
          "sensitive_attributes": [],
          "private": "eyJlMmJmYjczMC1lY2FhLTExZTYtOGY4OC0zNDM2M2JjN2M0YzAiOnsiY3JlYXRlIjozMDAwMDAwMDAwMDB9LCJzY2hlbWFfdmVyc2lvbiI6IjIifQ==",
          "dependencies": [
            "module.security-group.aws_security_group.this",
            "module.security-group.aws_security_group.this_name_prefix",
            "module.vpc.aws_vpc.this"
          ]
        },
        {
          "index_key": 4,
          "schema_version": 2,
          "attributes": {
            "cidr_blocks": [
              "10.21.0.0/24"
            ],
            "description": "Traffic from Canada",
            "from_port": 0,
            "id": "sgrule-1013675067",
            "ipv6_cidr_blocks": null,
            "prefix_list_ids": [],
            "protocol": "-1",
            "security_group_id": "sg-017f38df457440399",
            "security_group_rule_id": "sgr-03a6d27e723a25341",
            "self": false,
            "source_security_group_id": null,
            "timeouts": null,
            "to_port": 0,
            "type": "ingress"
          },
          "sensitive_attributes": [],
          "private": "eyJlMmJmYjczMC1lY2FhLTExZTYtOGY4OC0zNDM2M2JjN2M0YzAiOnsiY3JlYXRlIjozMDAwMDAwMDAwMDB9LCJzY2hlbWFfdmVyc2lvbiI6IjIifQ==",
          "dependencies": [
            "module.security-group.aws_security_group.this",
            "module.security-group.aws_security_group.this_name_prefix",
            "module.vpc.aws_vpc.this"
          ]
        }
      ]
    },
    {
      "module": "module.security-group[\"ec2_windows\"]",
      "mode": "managed",
      "type": "aws_security_group",
      "name": "this",
      "provider": "provider[\"registry.terraform.io/hashicorp/aws\"]",
      "instances": [
        {
          "index_key": 0,
          "schema_version": 1,
          "attributes": {
            "arn": "arn:aws:ec2:us-east-2:591642074504:security-group/sg-0e8c0ea060302a6c7",
            "description": "EDR Demo SG",
            "egress": [
              {
                "cidr_blocks": [
                  "0.0.0.0/0"
                ],
                "description": "Allow all egress",
                "from_port": 0,
                "ipv6_cidr_blocks": [],
                "prefix_list_ids": [],
                "protocol": "-1",
                "security_groups": [],
                "self": false,
                "to_port": 0
              }
            ],
            "id": "sg-0e8c0ea060302a6c7",
            "ingress": [
              {
                "cidr_blocks": [
                  "0.0.0.0/0"
                ],
                "description": "Allow http Traffic",
                "from_port": 80,
                "ipv6_cidr_blocks": [],
                "prefix_list_ids": [],
                "protocol": "tcp",
                "security_groups": [],
                "self": false,
                "to_port": 80
              },
              {
                "cidr_blocks": [
                  "0.0.0.0/0"
                ],
                "description": "ICMP",
                "from_port": -1,
                "ipv6_cidr_blocks": [],
                "prefix_list_ids": [],
                "protocol": "icmp",
                "security_groups": [],
                "self": false,
                "to_port": -1
              },
              {
                "cidr_blocks": [
                  "172.25.0.0/24",
                  "10.21.0.0/24"
                ],
                "description": "Allow Any internal Traffic",
                "from_port": 0,
                "ipv6_cidr_blocks": [],
                "prefix_list_ids": [],
                "protocol": "-1",
                "security_groups": [],
                "self": false,
                "to_port": 0
              },
              {
                "cidr_blocks": [
                  "216.73.178.66/32"
                ],
                "description": "RDP",
                "from_port": 3389,
                "ipv6_cidr_blocks": [],
                "prefix_list_ids": [],
                "protocol": "tcp",
                "security_groups": [],
                "self": false,
                "to_port": 3389
              }
            ],
            "name": "ec2_windows",
            "name_prefix": "",
            "owner_id": "591642074504",
            "revoke_rules_on_delete": false,
            "tags": {
              "Name": "ec2_windows"
            },
            "tags_all": {
              "Name": "ec2_windows",
              "client": "edmentum",
              "owner": "sai",
              "project": "cloudendure to elastic DR",
              "site": "demo-source",
              "temporary": "yes",
              "terraform": "yes"
            },
            "timeouts": {
              "create": "10m",
              "delete": "15m"
            },
            "vpc_id": "vpc-074ec1f61d0da2bab"
          },
          "sensitive_attributes": [],
          "private": "eyJlMmJmYjczMC1lY2FhLTExZTYtOGY4OC0zNDM2M2JjN2M0YzAiOnsiY3JlYXRlIjo2MDAwMDAwMDAwMDAsImRlbGV0ZSI6OTAwMDAwMDAwMDAwfSwic2NoZW1hX3ZlcnNpb24iOiIxIn0=",
          "dependencies": [
            "module.vpc.aws_vpc.this"
          ]
        }
      ]
    },
    {
      "module": "module.security-group[\"ec2_windows\"]",
      "mode": "managed",
      "type": "aws_security_group_rule",
      "name": "egress_with_cidr_blocks",
      "provider": "provider[\"registry.terraform.io/hashicorp/aws\"]",
      "instances": [
        {
          "index_key": 0,
          "schema_version": 2,
          "attributes": {
            "cidr_blocks": [
              "0.0.0.0/0"
            ],
            "description": "Allow all egress",
            "from_port": 0,
            "id": "sgrule-3770467119",
            "ipv6_cidr_blocks": null,
            "prefix_list_ids": [],
            "protocol": "-1",
            "security_group_id": "sg-0e8c0ea060302a6c7",
            "security_group_rule_id": "sgr-011edeb266bf6ff57",
            "self": false,
            "source_security_group_id": null,
            "timeouts": null,
            "to_port": 0,
            "type": "egress"
          },
          "sensitive_attributes": [],
          "private": "eyJlMmJmYjczMC1lY2FhLTExZTYtOGY4OC0zNDM2M2JjN2M0YzAiOnsiY3JlYXRlIjozMDAwMDAwMDAwMDB9LCJzY2hlbWFfdmVyc2lvbiI6IjIifQ==",
          "dependencies": [
            "module.security-group.aws_security_group.this",
            "module.security-group.aws_security_group.this_name_prefix",
            "module.vpc.aws_vpc.this"
          ]
        }
      ]
    },
    {
      "module": "module.security-group[\"ec2_windows\"]",
      "mode": "managed",
      "type": "aws_security_group_rule",
      "name": "ingress_with_cidr_blocks",
      "provider": "provider[\"registry.terraform.io/hashicorp/aws\"]",
      "instances": [
        {
          "index_key": 0,
          "schema_version": 2,
          "attributes": {
            "cidr_blocks": [
              "216.73.178.66/32"
            ],
            "description": "RDP",
            "from_port": 3389,
            "id": "sgrule-3309656473",
            "ipv6_cidr_blocks": null,
            "prefix_list_ids": [],
            "protocol": "tcp",
            "security_group_id": "sg-0e8c0ea060302a6c7",
            "security_group_rule_id": "sgr-02adb273fbed481ad",
            "self": false,
            "source_security_group_id": null,
            "timeouts": null,
            "to_port": 3389,
            "type": "ingress"
          },
          "sensitive_attributes": [],
          "private": "eyJlMmJmYjczMC1lY2FhLTExZTYtOGY4OC0zNDM2M2JjN2M0YzAiOnsiY3JlYXRlIjozMDAwMDAwMDAwMDB9LCJzY2hlbWFfdmVyc2lvbiI6IjIifQ==",
          "dependencies": [
            "module.security-group.aws_security_group.this",
            "module.security-group.aws_security_group.this_name_prefix",
            "module.vpc.aws_vpc.this"
          ]
        },
        {
          "index_key": 1,
          "schema_version": 2,
          "attributes": {
            "cidr_blocks": [
              "0.0.0.0/0"
            ],
            "description": "ICMP",
            "from_port": -1,
            "id": "sgrule-3565404064",
            "ipv6_cidr_blocks": null,
            "prefix_list_ids": [],
            "protocol": "icmp",
            "security_group_id": "sg-0e8c0ea060302a6c7",
            "security_group_rule_id": "sgr-0beb8065294c2b36c",
            "self": false,
            "source_security_group_id": null,
            "timeouts": null,
            "to_port": -1,
            "type": "ingress"
          },
          "sensitive_attributes": [],
          "private": "eyJlMmJmYjczMC1lY2FhLTExZTYtOGY4OC0zNDM2M2JjN2M0YzAiOnsiY3JlYXRlIjozMDAwMDAwMDAwMDB9LCJzY2hlbWFfdmVyc2lvbiI6IjIifQ==",
          "dependencies": [
            "module.security-group.aws_security_group.this",
            "module.security-group.aws_security_group.this_name_prefix",
            "module.vpc.aws_vpc.this"
          ]
        },
        {
          "index_key": 2,
          "schema_version": 2,
          "attributes": {
            "cidr_blocks": [
              "0.0.0.0/0"
            ],
            "description": "Allow http Traffic",
            "from_port": 80,
            "id": "sgrule-1673307398",
            "ipv6_cidr_blocks": null,
            "prefix_list_ids": [],
            "protocol": "tcp",
            "security_group_id": "sg-0e8c0ea060302a6c7",
            "security_group_rule_id": "sgr-0c153945eabfe76e0",
            "self": false,
            "source_security_group_id": null,
            "timeouts": null,
            "to_port": 80,
            "type": "ingress"
          },
          "sensitive_attributes": [],
          "private": "eyJlMmJmYjczMC1lY2FhLTExZTYtOGY4OC0zNDM2M2JjN2M0YzAiOnsiY3JlYXRlIjozMDAwMDAwMDAwMDB9LCJzY2hlbWFfdmVyc2lvbiI6IjIifQ==",
          "dependencies": [
            "module.security-group.aws_security_group.this",
            "module.security-group.aws_security_group.this_name_prefix",
            "module.vpc.aws_vpc.this"
          ]
        },
        {
          "index_key": 3,
          "schema_version": 2,
          "attributes": {
            "cidr_blocks": [
              "172.25.0.0/24"
            ],
            "description": "Allow Any internal Traffic",
            "from_port": 0,
            "id": "sgrule-3413455811",
            "ipv6_cidr_blocks": null,
            "prefix_list_ids": [],
            "protocol": "-1",
            "security_group_id": "sg-0e8c0ea060302a6c7",
            "security_group_rule_id": "sgr-0502e3a79e2ed5527",
            "self": false,
            "source_security_group_id": null,
            "timeouts": null,
            "to_port": 0,
            "type": "ingress"
          },
          "sensitive_attributes": [],
          "private": "eyJlMmJmYjczMC1lY2FhLTExZTYtOGY4OC0zNDM2M2JjN2M0YzAiOnsiY3JlYXRlIjozMDAwMDAwMDAwMDB9LCJzY2hlbWFfdmVyc2lvbiI6IjIifQ==",
          "dependencies": [
            "module.security-group.aws_security_group.this",
            "module.security-group.aws_security_group.this_name_prefix",
            "module.vpc.aws_vpc.this"
          ]
        },
        {
          "index_key": 4,
          "schema_version": 2,
          "attributes": {
            "cidr_blocks": [
              "10.21.0.0/24"
            ],
            "description": "Allow Any internal Traffic",
            "from_port": 0,
            "id": "sgrule-285746641",
            "ipv6_cidr_blocks": null,
            "prefix_list_ids": [],
            "protocol": "-1",
            "security_group_id": "sg-0e8c0ea060302a6c7",
            "security_group_rule_id": "sgr-0cedb4d259d2f931b",
            "self": false,
            "source_security_group_id": null,
            "timeouts": null,
            "to_port": 0,
            "type": "ingress"
          },
          "sensitive_attributes": [],
          "private": "eyJlMmJmYjczMC1lY2FhLTExZTYtOGY4OC0zNDM2M2JjN2M0YzAiOnsiY3JlYXRlIjozMDAwMDAwMDAwMDB9LCJzY2hlbWFfdmVyc2lvbiI6IjIifQ==",
          "dependencies": [
            "module.security-group.aws_security_group.this",
            "module.security-group.aws_security_group.this_name_prefix",
            "module.vpc.aws_vpc.this"
          ]
        }
      ]
    },
    {
      "module": "module.vpc",
      "mode": "managed",
      "type": "aws_default_network_acl",
      "name": "this",
      "provider": "provider[\"registry.terraform.io/hashicorp/aws\"]",
      "instances": [
        {
          "index_key": 0,
          "schema_version": 0,
          "attributes": {
            "arn": "arn:aws:ec2:us-east-2:591642074504:network-acl/acl-04431b341bde47405",
            "default_network_acl_id": "acl-04431b341bde47405",
            "egress": [
              {
                "action": "allow",
                "cidr_block": "",
                "from_port": 0,
                "icmp_code": 0,
                "icmp_type": 0,
                "ipv6_cidr_block": "::/0",
                "protocol": "-1",
                "rule_no": 101,
                "to_port": 0
              },
              {
                "action": "allow",
                "cidr_block": "0.0.0.0/0",
                "from_port": 0,
                "icmp_code": 0,
                "icmp_type": 0,
                "ipv6_cidr_block": "",
                "protocol": "-1",
                "rule_no": 100,
                "to_port": 0
              }
            ],
            "id": "acl-04431b341bde47405",
            "ingress": [
              {
                "action": "allow",
                "cidr_block": "",
                "from_port": 0,
                "icmp_code": 0,
                "icmp_type": 0,
                "ipv6_cidr_block": "::/0",
                "protocol": "-1",
                "rule_no": 101,
                "to_port": 0
              },
              {
                "action": "allow",
                "cidr_block": "0.0.0.0/0",
                "from_port": 0,
                "icmp_code": 0,
                "icmp_type": 0,
                "ipv6_cidr_block": "",
                "protocol": "-1",
                "rule_no": 100,
                "to_port": 0
              }
            ],
            "owner_id": "591642074504",
            "subnet_ids": [
              "subnet-00a4a9783cdfdf38a",
              "subnet-0124a748b62b679d7",
              "subnet-041d2693f76beec71",
              "subnet-0c3ce80ed5acea60e"
            ],
            "tags": {
              "Name": "demo-source-vpc-default"
            },
            "tags_all": {
              "Name": "demo-source-vpc-default",
              "client": "edmentum",
              "owner": "sai",
              "project": "cloudendure to elastic DR",
              "site": "demo-source",
              "temporary": "yes",
              "terraform": "yes"
            },
            "vpc_id": "vpc-074ec1f61d0da2bab"
          },
          "sensitive_attributes": [],
          "private": "bnVsbA==",
          "dependencies": [
            "module.vpc.aws_vpc.this"
          ]
        }
      ]
    },
    {
      "module": "module.vpc",
      "mode": "managed",
      "type": "aws_default_route_table",
      "name": "default",
      "provider": "provider[\"registry.terraform.io/hashicorp/aws\"]",
      "instances": [
        {
          "index_key": 0,
          "schema_version": 0,
          "attributes": {
            "arn": "arn:aws:ec2:us-east-2:591642074504:route-table/rtb-02c75312ac678cd51",
            "default_route_table_id": "rtb-02c75312ac678cd51",
            "id": "rtb-02c75312ac678cd51",
            "owner_id": "591642074504",
            "propagating_vgws": [],
            "route": [
              {
                "cidr_block": "172.26.0.0/24",
                "core_network_arn": "",
                "destination_prefix_list_id": "",
                "egress_only_gateway_id": "",
                "gateway_id": "",
                "instance_id": "",
                "ipv6_cidr_block": "",
                "nat_gateway_id": "",
                "network_interface_id": "",
                "transit_gateway_id": "",
                "vpc_endpoint_id": "",
                "vpc_peering_connection_id": "pcx-06247452f3cc318b0"
              }
            ],
            "tags": {
              "Name": "demo-source-vpc-default"
            },
            "tags_all": {
              "Name": "demo-source-vpc-default",
              "client": "edmentum",
              "owner": "sai",
              "project": "cloudendure to elastic DR",
              "site": "demo-source",
              "temporary": "yes",
              "terraform": "yes"
            },
            "timeouts": {
              "create": "5m",
              "update": "5m"
            },
            "vpc_id": "vpc-074ec1f61d0da2bab"
          },
          "sensitive_attributes": [],
          "private": "eyJlMmJmYjczMC1lY2FhLTExZTYtOGY4OC0zNDM2M2JjN2M0YzAiOnsiY3JlYXRlIjozMDAwMDAwMDAwMDAsInVwZGF0ZSI6MzAwMDAwMDAwMDAwfX0=",
          "dependencies": [
            "module.vpc.aws_vpc.this"
          ]
        }
      ]
    },
    {
      "module": "module.vpc",
      "mode": "managed",
      "type": "aws_default_security_group",
      "name": "this",
      "provider": "provider[\"registry.terraform.io/hashicorp/aws\"]",
      "instances": [
        {
          "index_key": 0,
          "schema_version": 1,
          "attributes": {
            "arn": "arn:aws:ec2:us-east-2:591642074504:security-group/sg-07a5a02cc0a2951d1",
            "description": "default VPC security group",
            "egress": [],
            "id": "sg-07a5a02cc0a2951d1",
            "ingress": [],
            "name": "default",
            "name_prefix": "",
            "owner_id": "591642074504",
            "revoke_rules_on_delete": false,
            "tags": {
              "Name": "demo-source-vpc-default"
            },
            "tags_all": {
              "Name": "demo-source-vpc-default",
              "client": "edmentum",
              "owner": "sai",
              "project": "cloudendure to elastic DR",
              "site": "demo-source",
              "temporary": "yes",
              "terraform": "yes"
            },
            "vpc_id": "vpc-074ec1f61d0da2bab"
          },
          "sensitive_attributes": [],
          "private": "eyJzY2hlbWFfdmVyc2lvbiI6IjEifQ==",
          "dependencies": [
            "module.vpc.aws_vpc.this"
          ]
        }
      ]
    },
    {
      "module": "module.vpc",
      "mode": "managed",
      "type": "aws_eip",
      "name": "nat",
      "provider": "provider[\"registry.terraform.io/hashicorp/aws\"]",
      "instances": [
        {
          "index_key": 0,
          "schema_version": 0,
          "attributes": {
            "address": null,
            "allocation_id": "eipalloc-011539915385d924a",
            "associate_with_private_ip": null,
            "association_id": "eipassoc-0a4a2d74f128e727c",
            "carrier_ip": "",
            "customer_owned_ip": "",
            "customer_owned_ipv4_pool": "",
            "domain": "vpc",
            "id": "eipalloc-011539915385d924a",
            "instance": "",
            "network_border_group": "us-east-2",
            "network_interface": "eni-0bfe85548c9061b1c",
            "private_dns": "ip-172-25-0-39.us-east-2.compute.internal",
            "private_ip": "172.25.0.39",
            "public_dns": "ec2-3-138-163-112.us-east-2.compute.amazonaws.com",
            "public_ip": "3.138.163.112",
            "public_ipv4_pool": "amazon",
            "tags": {
              "Name": "demo-source-vpc-us-east-2a"
            },
            "tags_all": {
              "Name": "demo-source-vpc-us-east-2a",
              "client": "edmentum",
              "owner": "sai",
              "project": "cloudendure to elastic DR",
              "site": "demo-source",
              "temporary": "yes",
              "terraform": "yes"
            },
            "timeouts": null,
            "vpc": true
          },
          "sensitive_attributes": [],
          "private": "eyJlMmJmYjczMC1lY2FhLTExZTYtOGY4OC0zNDM2M2JjN2M0YzAiOnsiZGVsZXRlIjoxODAwMDAwMDAwMDAsInJlYWQiOjkwMDAwMDAwMDAwMCwidXBkYXRlIjozMDAwMDAwMDAwMDB9fQ==",
          "dependencies": [
            "data.aws_availability_zones.available",
            "module.vpc.aws_internet_gateway.this",
            "module.vpc.aws_vpc.this",
            "module.vpc.aws_vpc_ipv4_cidr_block_association.this"
          ]
        },
        {
          "index_key": 1,
          "schema_version": 0,
          "attributes": {
            "address": null,
            "allocation_id": "eipalloc-069eea9db8b9fc2d1",
            "associate_with_private_ip": null,
            "association_id": "eipassoc-000f667fd1307895d",
            "carrier_ip": "",
            "customer_owned_ip": "",
            "customer_owned_ipv4_pool": "",
            "domain": "vpc",
            "id": "eipalloc-069eea9db8b9fc2d1",
            "instance": "",
            "network_border_group": "us-east-2",
            "network_interface": "eni-035b2f6174e74e068",
            "private_dns": "ip-172-25-0-75.us-east-2.compute.internal",
            "private_ip": "172.25.0.75",
            "public_dns": "ec2-3-140-237-157.us-east-2.compute.amazonaws.com",
            "public_ip": "3.140.237.157",
            "public_ipv4_pool": "amazon",
            "tags": {
              "Name": "demo-source-vpc-us-east-2b"
            },
            "tags_all": {
              "Name": "demo-source-vpc-us-east-2b",
              "client": "edmentum",
              "owner": "sai",
              "project": "cloudendure to elastic DR",
              "site": "demo-source",
              "temporary": "yes",
              "terraform": "yes"
            },
            "timeouts": null,
            "vpc": true
          },
          "sensitive_attributes": [],
          "private": "eyJlMmJmYjczMC1lY2FhLTExZTYtOGY4OC0zNDM2M2JjN2M0YzAiOnsiZGVsZXRlIjoxODAwMDAwMDAwMDAsInJlYWQiOjkwMDAwMDAwMDAwMCwidXBkYXRlIjozMDAwMDAwMDAwMDB9fQ==",
          "dependencies": [
            "data.aws_availability_zones.available",
            "module.vpc.aws_internet_gateway.this",
            "module.vpc.aws_vpc.this",
            "module.vpc.aws_vpc_ipv4_cidr_block_association.this"
          ]
        }
      ]
    },
    {
      "module": "module.vpc",
      "mode": "managed",
      "type": "aws_internet_gateway",
      "name": "this",
      "provider": "provider[\"registry.terraform.io/hashicorp/aws\"]",
      "instances": [
        {
          "index_key": 0,
          "schema_version": 0,
          "attributes": {
            "arn": "arn:aws:ec2:us-east-2:591642074504:internet-gateway/igw-07c5966cd53af28bd",
            "id": "igw-07c5966cd53af28bd",
            "owner_id": "591642074504",
            "tags": {
              "Name": "demo-source-vpc"
            },
            "tags_all": {
              "Name": "demo-source-vpc",
              "client": "edmentum",
              "owner": "sai",
              "project": "cloudendure to elastic DR",
              "site": "demo-source",
              "temporary": "yes",
              "terraform": "yes"
            },
            "timeouts": null,
            "vpc_id": "vpc-074ec1f61d0da2bab"
          },
          "sensitive_attributes": [],
          "private": "eyJlMmJmYjczMC1lY2FhLTExZTYtOGY4OC0zNDM2M2JjN2M0YzAiOnsiY3JlYXRlIjoxMjAwMDAwMDAwMDAwLCJkZWxldGUiOjEyMDAwMDAwMDAwMDAsInVwZGF0ZSI6MTIwMDAwMDAwMDAwMH19",
          "dependencies": [
            "module.vpc.aws_vpc.this",
            "module.vpc.aws_vpc_ipv4_cidr_block_association.this"
          ]
        }
      ]
    },
    {
      "module": "module.vpc",
      "mode": "managed",
      "type": "aws_nat_gateway",
      "name": "this",
      "provider": "provider[\"registry.terraform.io/hashicorp/aws\"]",
      "instances": [
        {
          "index_key": 0,
          "schema_version": 0,
          "attributes": {
            "allocation_id": "eipalloc-011539915385d924a",
            "association_id": "eipassoc-0a4a2d74f128e727c",
            "connectivity_type": "public",
            "id": "nat-04e545e15a3477120",
            "network_interface_id": "eni-0bfe85548c9061b1c",
            "private_ip": "172.25.0.39",
            "public_ip": "3.138.163.112",
            "secondary_allocation_ids": [],
            "secondary_private_ip_address_count": 0,
            "secondary_private_ip_addresses": [],
            "subnet_id": "subnet-0124a748b62b679d7",
            "tags": {
              "Name": "demo-source-vpc-us-east-2a"
            },
            "tags_all": {
              "Name": "demo-source-vpc-us-east-2a",
              "client": "edmentum",
              "owner": "sai",
              "project": "cloudendure to elastic DR",
              "site": "demo-source",
              "temporary": "yes",
              "terraform": "yes"
            },
            "timeouts": null
          },
          "sensitive_attributes": [],
          "private": "eyJlMmJmYjczMC1lY2FhLTExZTYtOGY4OC0zNDM2M2JjN2M0YzAiOnsiY3JlYXRlIjo2MDAwMDAwMDAwMDAsImRlbGV0ZSI6MTgwMDAwMDAwMDAwMCwidXBkYXRlIjo2MDAwMDAwMDAwMDB9fQ==",
          "dependencies": [
            "data.aws_availability_zones.available",
            "module.vpc.aws_eip.nat",
            "module.vpc.aws_internet_gateway.this",
            "module.vpc.aws_subnet.public",
            "module.vpc.aws_vpc.this",
            "module.vpc.aws_vpc_ipv4_cidr_block_association.this"
          ]
        },
        {
          "index_key": 1,
          "schema_version": 0,
          "attributes": {
            "allocation_id": "eipalloc-069eea9db8b9fc2d1",
            "association_id": "eipassoc-000f667fd1307895d",
            "connectivity_type": "public",
            "id": "nat-01d05a2df2c63ae2f",
            "network_interface_id": "eni-035b2f6174e74e068",
            "private_ip": "172.25.0.75",
            "public_ip": "3.140.237.157",
            "secondary_allocation_ids": [],
            "secondary_private_ip_address_count": 0,
            "secondary_private_ip_addresses": [],
            "subnet_id": "subnet-00a4a9783cdfdf38a",
            "tags": {
              "Name": "demo-source-vpc-us-east-2b"
            },
            "tags_all": {
              "Name": "demo-source-vpc-us-east-2b",
              "client": "edmentum",
              "owner": "sai",
              "project": "cloudendure to elastic DR",
              "site": "demo-source",
              "temporary": "yes",
              "terraform": "yes"
            },
            "timeouts": null
          },
          "sensitive_attributes": [],
          "private": "eyJlMmJmYjczMC1lY2FhLTExZTYtOGY4OC0zNDM2M2JjN2M0YzAiOnsiY3JlYXRlIjo2MDAwMDAwMDAwMDAsImRlbGV0ZSI6MTgwMDAwMDAwMDAwMCwidXBkYXRlIjo2MDAwMDAwMDAwMDB9fQ==",
          "dependencies": [
            "data.aws_availability_zones.available",
            "module.vpc.aws_eip.nat",
            "module.vpc.aws_internet_gateway.this",
            "module.vpc.aws_subnet.public",
            "module.vpc.aws_vpc.this",
            "module.vpc.aws_vpc_ipv4_cidr_block_association.this"
          ]
        }
      ]
    },
    {
      "module": "module.vpc",
      "mode": "managed",
      "type": "aws_route",
      "name": "private_nat_gateway",
      "provider": "provider[\"registry.terraform.io/hashicorp/aws\"]",
      "instances": [
        {
          "index_key": 0,
          "schema_version": 0,
          "attributes": {
            "carrier_gateway_id": "",
            "core_network_arn": "",
            "destination_cidr_block": "0.0.0.0/0",
            "destination_ipv6_cidr_block": "",
            "destination_prefix_list_id": "",
            "egress_only_gateway_id": "",
            "gateway_id": "",
            "id": "r-rtb-0ed53c97c0453732b1080289494",
            "instance_id": "",
            "instance_owner_id": "",
            "local_gateway_id": "",
            "nat_gateway_id": "nat-04e545e15a3477120",
            "network_interface_id": "",
            "origin": "CreateRoute",
            "route_table_id": "rtb-0ed53c97c0453732b",
            "state": "active",
            "timeouts": {
              "create": "5m",
              "delete": null,
              "update": null
            },
            "transit_gateway_id": "",
            "vpc_endpoint_id": "",
            "vpc_peering_connection_id": ""
          },
          "sensitive_attributes": [],
          "private": "eyJlMmJmYjczMC1lY2FhLTExZTYtOGY4OC0zNDM2M2JjN2M0YzAiOnsiY3JlYXRlIjozMDAwMDAwMDAwMDAsImRlbGV0ZSI6MzAwMDAwMDAwMDAwLCJ1cGRhdGUiOjEyMDAwMDAwMDAwMH19",
          "dependencies": [
            "data.aws_availability_zones.available",
            "module.vpc.aws_eip.nat",
            "module.vpc.aws_internet_gateway.this",
            "module.vpc.aws_nat_gateway.this",
            "module.vpc.aws_route_table.private",
            "module.vpc.aws_subnet.public",
            "module.vpc.aws_vpc.this",
            "module.vpc.aws_vpc_ipv4_cidr_block_association.this"
          ]
        },
        {
          "index_key": 1,
          "schema_version": 0,
          "attributes": {
            "carrier_gateway_id": "",
            "core_network_arn": "",
            "destination_cidr_block": "0.0.0.0/0",
            "destination_ipv6_cidr_block": "",
            "destination_prefix_list_id": "",
            "egress_only_gateway_id": "",
            "gateway_id": "",
            "id": "r-rtb-0317d4ab6b0ff467f1080289494",
            "instance_id": "",
            "instance_owner_id": "",
            "local_gateway_id": "",
            "nat_gateway_id": "nat-01d05a2df2c63ae2f",
            "network_interface_id": "",
            "origin": "CreateRoute",
            "route_table_id": "rtb-0317d4ab6b0ff467f",
            "state": "active",
            "timeouts": {
              "create": "5m",
              "delete": null,
              "update": null
            },
            "transit_gateway_id": "",
            "vpc_endpoint_id": "",
            "vpc_peering_connection_id": ""
          },
          "sensitive_attributes": [],
          "private": "eyJlMmJmYjczMC1lY2FhLTExZTYtOGY4OC0zNDM2M2JjN2M0YzAiOnsiY3JlYXRlIjozMDAwMDAwMDAwMDAsImRlbGV0ZSI6MzAwMDAwMDAwMDAwLCJ1cGRhdGUiOjEyMDAwMDAwMDAwMH19",
          "dependencies": [
            "data.aws_availability_zones.available",
            "module.vpc.aws_eip.nat",
            "module.vpc.aws_internet_gateway.this",
            "module.vpc.aws_nat_gateway.this",
            "module.vpc.aws_route_table.private",
            "module.vpc.aws_subnet.public",
            "module.vpc.aws_vpc.this",
            "module.vpc.aws_vpc_ipv4_cidr_block_association.this"
          ]
        }
      ]
    },
    {
      "module": "module.vpc",
      "mode": "managed",
      "type": "aws_route",
      "name": "public_internet_gateway",
      "provider": "provider[\"registry.terraform.io/hashicorp/aws\"]",
      "instances": [
        {
          "index_key": 0,
          "schema_version": 0,
          "attributes": {
            "carrier_gateway_id": "",
            "core_network_arn": "",
            "destination_cidr_block": "0.0.0.0/0",
            "destination_ipv6_cidr_block": "",
            "destination_prefix_list_id": "",
            "egress_only_gateway_id": "",
            "gateway_id": "igw-07c5966cd53af28bd",
            "id": "r-rtb-0f9675157d1fb558f1080289494",
            "instance_id": "",
            "instance_owner_id": "",
            "local_gateway_id": "",
            "nat_gateway_id": "",
            "network_interface_id": "",
            "origin": "CreateRoute",
            "route_table_id": "rtb-0f9675157d1fb558f",
            "state": "active",
            "timeouts": {
              "create": "5m",
              "delete": null,
              "update": null
            },
            "transit_gateway_id": "",
            "vpc_endpoint_id": "",
            "vpc_peering_connection_id": ""
          },
          "sensitive_attributes": [],
          "private": "eyJlMmJmYjczMC1lY2FhLTExZTYtOGY4OC0zNDM2M2JjN2M0YzAiOnsiY3JlYXRlIjozMDAwMDAwMDAwMDAsImRlbGV0ZSI6MzAwMDAwMDAwMDAwLCJ1cGRhdGUiOjEyMDAwMDAwMDAwMH19",
          "dependencies": [
            "module.vpc.aws_internet_gateway.this",
            "module.vpc.aws_route_table.public",
            "module.vpc.aws_vpc.this",
            "module.vpc.aws_vpc_ipv4_cidr_block_association.this"
          ]
        }
      ]
    },
    {
      "module": "module.vpc",
      "mode": "managed",
      "type": "aws_route_table",
      "name": "private",
      "provider": "provider[\"registry.terraform.io/hashicorp/aws\"]",
      "instances": [
        {
          "index_key": 0,
          "schema_version": 0,
          "attributes": {
            "arn": "arn:aws:ec2:us-east-2:591642074504:route-table/rtb-0ed53c97c0453732b",
            "id": "rtb-0ed53c97c0453732b",
            "owner_id": "591642074504",
            "propagating_vgws": [],
            "route": [
              {
                "carrier_gateway_id": "",
                "cidr_block": "0.0.0.0/0",
                "core_network_arn": "",
                "destination_prefix_list_id": "",
                "egress_only_gateway_id": "",
                "gateway_id": "",
                "ipv6_cidr_block": "",
                "local_gateway_id": "",
                "nat_gateway_id": "nat-04e545e15a3477120",
                "network_interface_id": "",
                "transit_gateway_id": "",
                "vpc_endpoint_id": "",
                "vpc_peering_connection_id": ""
              },
              {
                "carrier_gateway_id": "",
                "cidr_block": "172.26.0.0/24",
                "core_network_arn": "",
                "destination_prefix_list_id": "",
                "egress_only_gateway_id": "",
                "gateway_id": "",
                "ipv6_cidr_block": "",
                "local_gateway_id": "",
                "nat_gateway_id": "",
                "network_interface_id": "",
                "transit_gateway_id": "",
                "vpc_endpoint_id": "",
                "vpc_peering_connection_id": "pcx-06247452f3cc318b0"
              }
            ],
            "tags": {
              "Name": "demo-source-vpc-private-us-east-2a"
            },
            "tags_all": {
              "Name": "demo-source-vpc-private-us-east-2a",
              "client": "edmentum",
              "owner": "sai",
              "project": "cloudendure to elastic DR",
              "site": "demo-source",
              "temporary": "yes",
              "terraform": "yes"
            },
            "timeouts": null,
            "vpc_id": "vpc-074ec1f61d0da2bab"
          },
          "sensitive_attributes": [],
          "private": "eyJlMmJmYjczMC1lY2FhLTExZTYtOGY4OC0zNDM2M2JjN2M0YzAiOnsiY3JlYXRlIjozMDAwMDAwMDAwMDAsImRlbGV0ZSI6MzAwMDAwMDAwMDAwLCJ1cGRhdGUiOjEyMDAwMDAwMDAwMH19",
          "dependencies": [
            "data.aws_availability_zones.available",
            "module.vpc.aws_vpc.this",
            "module.vpc.aws_vpc_ipv4_cidr_block_association.this"
          ]
        },
        {
          "index_key": 1,
          "schema_version": 0,
          "attributes": {
            "arn": "arn:aws:ec2:us-east-2:591642074504:route-table/rtb-0317d4ab6b0ff467f",
            "id": "rtb-0317d4ab6b0ff467f",
            "owner_id": "591642074504",
            "propagating_vgws": [],
            "route": [
              {
                "carrier_gateway_id": "",
                "cidr_block": "0.0.0.0/0",
                "core_network_arn": "",
                "destination_prefix_list_id": "",
                "egress_only_gateway_id": "",
                "gateway_id": "",
                "ipv6_cidr_block": "",
                "local_gateway_id": "",
                "nat_gateway_id": "nat-01d05a2df2c63ae2f",
                "network_interface_id": "",
                "transit_gateway_id": "",
                "vpc_endpoint_id": "",
                "vpc_peering_connection_id": ""
              },
              {
                "carrier_gateway_id": "",
                "cidr_block": "172.26.0.0/24",
                "core_network_arn": "",
                "destination_prefix_list_id": "",
                "egress_only_gateway_id": "",
                "gateway_id": "",
                "ipv6_cidr_block": "",
                "local_gateway_id": "",
                "nat_gateway_id": "",
                "network_interface_id": "",
                "transit_gateway_id": "",
                "vpc_endpoint_id": "",
                "vpc_peering_connection_id": "pcx-06247452f3cc318b0"
              }
            ],
            "tags": {
              "Name": "demo-source-vpc-private-us-east-2b"
            },
            "tags_all": {
              "Name": "demo-source-vpc-private-us-east-2b",
              "client": "edmentum",
              "owner": "sai",
              "project": "cloudendure to elastic DR",
              "site": "demo-source",
              "temporary": "yes",
              "terraform": "yes"
            },
            "timeouts": null,
            "vpc_id": "vpc-074ec1f61d0da2bab"
          },
          "sensitive_attributes": [],
          "private": "eyJlMmJmYjczMC1lY2FhLTExZTYtOGY4OC0zNDM2M2JjN2M0YzAiOnsiY3JlYXRlIjozMDAwMDAwMDAwMDAsImRlbGV0ZSI6MzAwMDAwMDAwMDAwLCJ1cGRhdGUiOjEyMDAwMDAwMDAwMH19",
          "dependencies": [
            "data.aws_availability_zones.available",
            "module.vpc.aws_vpc.this",
            "module.vpc.aws_vpc_ipv4_cidr_block_association.this"
          ]
        }
      ]
    },
    {
      "module": "module.vpc",
      "mode": "managed",
      "type": "aws_route_table",
      "name": "public",
      "provider": "provider[\"registry.terraform.io/hashicorp/aws\"]",
      "instances": [
        {
          "index_key": 0,
          "schema_version": 0,
          "attributes": {
            "arn": "arn:aws:ec2:us-east-2:591642074504:route-table/rtb-0f9675157d1fb558f",
            "id": "rtb-0f9675157d1fb558f",
            "owner_id": "591642074504",
            "propagating_vgws": [],
            "route": [
              {
                "carrier_gateway_id": "",
                "cidr_block": "0.0.0.0/0",
                "core_network_arn": "",
                "destination_prefix_list_id": "",
                "egress_only_gateway_id": "",
                "gateway_id": "igw-07c5966cd53af28bd",
                "ipv6_cidr_block": "",
                "local_gateway_id": "",
                "nat_gateway_id": "",
                "network_interface_id": "",
                "transit_gateway_id": "",
                "vpc_endpoint_id": "",
                "vpc_peering_connection_id": ""
              },
              {
                "carrier_gateway_id": "",
                "cidr_block": "172.26.0.0/24",
                "core_network_arn": "",
                "destination_prefix_list_id": "",
                "egress_only_gateway_id": "",
                "gateway_id": "",
                "ipv6_cidr_block": "",
                "local_gateway_id": "",
                "nat_gateway_id": "",
                "network_interface_id": "",
                "transit_gateway_id": "",
                "vpc_endpoint_id": "",
                "vpc_peering_connection_id": "pcx-06247452f3cc318b0"
              }
            ],
            "tags": {
              "Name": "demo-source-vpc-public"
            },
            "tags_all": {
              "Name": "demo-source-vpc-public",
              "client": "edmentum",
              "owner": "sai",
              "project": "cloudendure to elastic DR",
              "site": "demo-source",
              "temporary": "yes",
              "terraform": "yes"
            },
            "timeouts": null,
            "vpc_id": "vpc-074ec1f61d0da2bab"
          },
          "sensitive_attributes": [],
          "private": "eyJlMmJmYjczMC1lY2FhLTExZTYtOGY4OC0zNDM2M2JjN2M0YzAiOnsiY3JlYXRlIjozMDAwMDAwMDAwMDAsImRlbGV0ZSI6MzAwMDAwMDAwMDAwLCJ1cGRhdGUiOjEyMDAwMDAwMDAwMH19",
          "dependencies": [
            "module.vpc.aws_vpc.this",
            "module.vpc.aws_vpc_ipv4_cidr_block_association.this"
          ]
        }
      ]
    },
    {
      "module": "module.vpc",
      "mode": "managed",
      "type": "aws_route_table_association",
      "name": "private",
      "provider": "provider[\"registry.terraform.io/hashicorp/aws\"]",
      "instances": [
        {
          "index_key": 0,
          "schema_version": 0,
          "attributes": {
            "gateway_id": "",
            "id": "rtbassoc-0a800447a58ae6ed0",
            "route_table_id": "rtb-0ed53c97c0453732b",
            "subnet_id": "subnet-041d2693f76beec71",
            "timeouts": null
          },
          "sensitive_attributes": [],
          "private": "eyJlMmJmYjczMC1lY2FhLTExZTYtOGY4OC0zNDM2M2JjN2M0YzAiOnsiY3JlYXRlIjozMDAwMDAwMDAwMDAsImRlbGV0ZSI6MzAwMDAwMDAwMDAwLCJ1cGRhdGUiOjEyMDAwMDAwMDAwMH19",
          "dependencies": [
            "data.aws_availability_zones.available",
            "module.vpc.aws_route_table.private",
            "module.vpc.aws_subnet.private",
            "module.vpc.aws_vpc.this",
            "module.vpc.aws_vpc_ipv4_cidr_block_association.this"
          ]
        },
        {
          "index_key": 1,
          "schema_version": 0,
          "attributes": {
            "gateway_id": "",
            "id": "rtbassoc-05c7f582be67f8de5",
            "route_table_id": "rtb-0317d4ab6b0ff467f",
            "subnet_id": "subnet-0c3ce80ed5acea60e",
            "timeouts": null
          },
          "sensitive_attributes": [],
          "private": "eyJlMmJmYjczMC1lY2FhLTExZTYtOGY4OC0zNDM2M2JjN2M0YzAiOnsiY3JlYXRlIjozMDAwMDAwMDAwMDAsImRlbGV0ZSI6MzAwMDAwMDAwMDAwLCJ1cGRhdGUiOjEyMDAwMDAwMDAwMH19",
          "dependencies": [
            "data.aws_availability_zones.available",
            "module.vpc.aws_route_table.private",
            "module.vpc.aws_subnet.private",
            "module.vpc.aws_vpc.this",
            "module.vpc.aws_vpc_ipv4_cidr_block_association.this"
          ]
        }
      ]
    },
    {
      "module": "module.vpc",
      "mode": "managed",
      "type": "aws_route_table_association",
      "name": "public",
      "provider": "provider[\"registry.terraform.io/hashicorp/aws\"]",
      "instances": [
        {
          "index_key": 0,
          "schema_version": 0,
          "attributes": {
            "gateway_id": "",
            "id": "rtbassoc-08f6fbbb6ddbe9414",
            "route_table_id": "rtb-0f9675157d1fb558f",
            "subnet_id": "subnet-0124a748b62b679d7",
            "timeouts": null
          },
          "sensitive_attributes": [],
          "private": "eyJlMmJmYjczMC1lY2FhLTExZTYtOGY4OC0zNDM2M2JjN2M0YzAiOnsiY3JlYXRlIjozMDAwMDAwMDAwMDAsImRlbGV0ZSI6MzAwMDAwMDAwMDAwLCJ1cGRhdGUiOjEyMDAwMDAwMDAwMH19",
          "dependencies": [
            "data.aws_availability_zones.available",
            "module.vpc.aws_route_table.public",
            "module.vpc.aws_subnet.public",
            "module.vpc.aws_vpc.this",
            "module.vpc.aws_vpc_ipv4_cidr_block_association.this"
          ]
        },
        {
          "index_key": 1,
          "schema_version": 0,
          "attributes": {
            "gateway_id": "",
            "id": "rtbassoc-031cfad619457bf27",
            "route_table_id": "rtb-0f9675157d1fb558f",
            "subnet_id": "subnet-00a4a9783cdfdf38a",
            "timeouts": null
          },
          "sensitive_attributes": [],
          "private": "eyJlMmJmYjczMC1lY2FhLTExZTYtOGY4OC0zNDM2M2JjN2M0YzAiOnsiY3JlYXRlIjozMDAwMDAwMDAwMDAsImRlbGV0ZSI6MzAwMDAwMDAwMDAwLCJ1cGRhdGUiOjEyMDAwMDAwMDAwMH19",
          "dependencies": [
            "data.aws_availability_zones.available",
            "module.vpc.aws_route_table.public",
            "module.vpc.aws_subnet.public",
            "module.vpc.aws_vpc.this",
            "module.vpc.aws_vpc_ipv4_cidr_block_association.this"
          ]
        }
      ]
    },
    {
      "module": "module.vpc",
      "mode": "managed",
      "type": "aws_subnet",
      "name": "private",
      "provider": "provider[\"registry.terraform.io/hashicorp/aws\"]",
      "instances": [
        {
          "index_key": 0,
          "schema_version": 1,
          "attributes": {
            "arn": "arn:aws:ec2:us-east-2:591642074504:subnet/subnet-041d2693f76beec71",
            "assign_ipv6_address_on_creation": false,
            "availability_zone": "us-east-2a",
            "availability_zone_id": "use2-az1",
            "cidr_block": "172.25.0.128/26",
            "customer_owned_ipv4_pool": "",
            "enable_dns64": false,
            "enable_lni_at_device_index": 0,
            "enable_resource_name_dns_a_record_on_launch": false,
            "enable_resource_name_dns_aaaa_record_on_launch": false,
            "id": "subnet-041d2693f76beec71",
            "ipv6_cidr_block": "",
            "ipv6_cidr_block_association_id": "",
            "ipv6_native": false,
            "map_customer_owned_ip_on_launch": false,
            "map_public_ip_on_launch": false,
            "outpost_arn": "",
            "owner_id": "591642074504",
            "private_dns_hostname_type_on_launch": "ip-name",
            "tags": {
              "Name": "demo-priv-subnet-us-east-2a"
            },
            "tags_all": {
              "Name": "demo-priv-subnet-us-east-2a",
              "client": "edmentum",
              "owner": "sai",
              "project": "cloudendure to elastic DR",
              "site": "demo-source",
              "temporary": "yes",
              "terraform": "yes"
            },
            "timeouts": null,
            "vpc_id": "vpc-074ec1f61d0da2bab"
          },
          "sensitive_attributes": [],
          "private": "eyJlMmJmYjczMC1lY2FhLTExZTYtOGY4OC0zNDM2M2JjN2M0YzAiOnsiY3JlYXRlIjo2MDAwMDAwMDAwMDAsImRlbGV0ZSI6MTIwMDAwMDAwMDAwMH0sInNjaGVtYV92ZXJzaW9uIjoiMSJ9",
          "dependencies": [
            "data.aws_availability_zones.available",
            "module.vpc.aws_vpc.this",
            "module.vpc.aws_vpc_ipv4_cidr_block_association.this"
          ]
        },
        {
          "index_key": 1,
          "schema_version": 1,
          "attributes": {
            "arn": "arn:aws:ec2:us-east-2:591642074504:subnet/subnet-0c3ce80ed5acea60e",
            "assign_ipv6_address_on_creation": false,
            "availability_zone": "us-east-2b",
            "availability_zone_id": "use2-az2",
            "cidr_block": "172.25.0.192/26",
            "customer_owned_ipv4_pool": "",
            "enable_dns64": false,
            "enable_lni_at_device_index": 0,
            "enable_resource_name_dns_a_record_on_launch": false,
            "enable_resource_name_dns_aaaa_record_on_launch": false,
            "id": "subnet-0c3ce80ed5acea60e",
            "ipv6_cidr_block": "",
            "ipv6_cidr_block_association_id": "",
            "ipv6_native": false,
            "map_customer_owned_ip_on_launch": false,
            "map_public_ip_on_launch": false,
            "outpost_arn": "",
            "owner_id": "591642074504",
            "private_dns_hostname_type_on_launch": "ip-name",
            "tags": {
              "Name": "demo-priv-subnet-us-east-2b"
            },
            "tags_all": {
              "Name": "demo-priv-subnet-us-east-2b",
              "client": "edmentum",
              "owner": "sai",
              "project": "cloudendure to elastic DR",
              "site": "demo-source",
              "temporary": "yes",
              "terraform": "yes"
            },
            "timeouts": null,
            "vpc_id": "vpc-074ec1f61d0da2bab"
          },
          "sensitive_attributes": [],
          "private": "eyJlMmJmYjczMC1lY2FhLTExZTYtOGY4OC0zNDM2M2JjN2M0YzAiOnsiY3JlYXRlIjo2MDAwMDAwMDAwMDAsImRlbGV0ZSI6MTIwMDAwMDAwMDAwMH0sInNjaGVtYV92ZXJzaW9uIjoiMSJ9",
          "dependencies": [
            "data.aws_availability_zones.available",
            "module.vpc.aws_vpc.this",
            "module.vpc.aws_vpc_ipv4_cidr_block_association.this"
          ]
        }
      ]
    },
    {
      "module": "module.vpc",
      "mode": "managed",
      "type": "aws_subnet",
      "name": "public",
      "provider": "provider[\"registry.terraform.io/hashicorp/aws\"]",
      "instances": [
        {
          "index_key": 0,
          "schema_version": 1,
          "attributes": {
            "arn": "arn:aws:ec2:us-east-2:591642074504:subnet/subnet-0124a748b62b679d7",
            "assign_ipv6_address_on_creation": false,
            "availability_zone": "us-east-2a",
            "availability_zone_id": "use2-az1",
            "cidr_block": "172.25.0.0/26",
            "customer_owned_ipv4_pool": "",
            "enable_dns64": false,
            "enable_lni_at_device_index": 0,
            "enable_resource_name_dns_a_record_on_launch": false,
            "enable_resource_name_dns_aaaa_record_on_launch": false,
            "id": "subnet-0124a748b62b679d7",
            "ipv6_cidr_block": "",
            "ipv6_cidr_block_association_id": "",
            "ipv6_native": false,
            "map_customer_owned_ip_on_launch": false,
            "map_public_ip_on_launch": false,
            "outpost_arn": "",
            "owner_id": "591642074504",
            "private_dns_hostname_type_on_launch": "ip-name",
            "tags": {
              "Name": "demo-pub-subnet-us-east-2a"
            },
            "tags_all": {
              "Name": "demo-pub-subnet-us-east-2a",
              "client": "edmentum",
              "owner": "sai",
              "project": "cloudendure to elastic DR",
              "site": "demo-source",
              "temporary": "yes",
              "terraform": "yes"
            },
            "timeouts": null,
            "vpc_id": "vpc-074ec1f61d0da2bab"
          },
          "sensitive_attributes": [],
          "private": "eyJlMmJmYjczMC1lY2FhLTExZTYtOGY4OC0zNDM2M2JjN2M0YzAiOnsiY3JlYXRlIjo2MDAwMDAwMDAwMDAsImRlbGV0ZSI6MTIwMDAwMDAwMDAwMH0sInNjaGVtYV92ZXJzaW9uIjoiMSJ9",
          "dependencies": [
            "data.aws_availability_zones.available",
            "module.vpc.aws_vpc.this",
            "module.vpc.aws_vpc_ipv4_cidr_block_association.this"
          ]
        },
        {
          "index_key": 1,
          "schema_version": 1,
          "attributes": {
            "arn": "arn:aws:ec2:us-east-2:591642074504:subnet/subnet-00a4a9783cdfdf38a",
            "assign_ipv6_address_on_creation": false,
            "availability_zone": "us-east-2b",
            "availability_zone_id": "use2-az2",
            "cidr_block": "172.25.0.64/26",
            "customer_owned_ipv4_pool": "",
            "enable_dns64": false,
            "enable_lni_at_device_index": 0,
            "enable_resource_name_dns_a_record_on_launch": false,
            "enable_resource_name_dns_aaaa_record_on_launch": false,
            "id": "subnet-00a4a9783cdfdf38a",
            "ipv6_cidr_block": "",
            "ipv6_cidr_block_association_id": "",
            "ipv6_native": false,
            "map_customer_owned_ip_on_launch": false,
            "map_public_ip_on_launch": false,
            "outpost_arn": "",
            "owner_id": "591642074504",
            "private_dns_hostname_type_on_launch": "ip-name",
            "tags": {
              "Name": "demo-pub-subnet-us-east-2b"
            },
            "tags_all": {
              "Name": "demo-pub-subnet-us-east-2b",
              "client": "edmentum",
              "owner": "sai",
              "project": "cloudendure to elastic DR",
              "site": "demo-source",
              "temporary": "yes",
              "terraform": "yes"
            },
            "timeouts": null,
            "vpc_id": "vpc-074ec1f61d0da2bab"
          },
          "sensitive_attributes": [],
          "private": "eyJlMmJmYjczMC1lY2FhLTExZTYtOGY4OC0zNDM2M2JjN2M0YzAiOnsiY3JlYXRlIjo2MDAwMDAwMDAwMDAsImRlbGV0ZSI6MTIwMDAwMDAwMDAwMH0sInNjaGVtYV92ZXJzaW9uIjoiMSJ9",
          "dependencies": [
            "data.aws_availability_zones.available",
            "module.vpc.aws_vpc.this",
            "module.vpc.aws_vpc_ipv4_cidr_block_association.this"
          ]
        }
      ]
    },
    {
      "module": "module.vpc",
      "mode": "managed",
      "type": "aws_vpc",
      "name": "this",
      "provider": "provider[\"registry.terraform.io/hashicorp/aws\"]",
      "instances": [
        {
          "index_key": 0,
          "schema_version": 1,
          "attributes": {
            "arn": "arn:aws:ec2:us-east-2:591642074504:vpc/vpc-074ec1f61d0da2bab",
            "assign_generated_ipv6_cidr_block": false,
            "cidr_block": "172.25.0.0/24",
            "default_network_acl_id": "acl-04431b341bde47405",
            "default_route_table_id": "rtb-02c75312ac678cd51",
            "default_security_group_id": "sg-07a5a02cc0a2951d1",
            "dhcp_options_id": "dopt-b45637df",
            "enable_dns_hostnames": true,
            "enable_dns_support": true,
            "enable_network_address_usage_metrics": false,
            "id": "vpc-074ec1f61d0da2bab",
            "instance_tenancy": "default",
            "ipv4_ipam_pool_id": null,
            "ipv4_netmask_length": null,
            "ipv6_association_id": "",
            "ipv6_cidr_block": "",
            "ipv6_cidr_block_network_border_group": "",
            "ipv6_ipam_pool_id": "",
            "ipv6_netmask_length": 0,
            "main_route_table_id": "rtb-02c75312ac678cd51",
            "owner_id": "591642074504",
            "tags": {
              "Name": "demo-source-vpc"
            },
            "tags_all": {
              "Name": "demo-source-vpc",
              "client": "edmentum",
              "owner": "sai",
              "project": "cloudendure to elastic DR",
              "site": "demo-source",
              "temporary": "yes",
              "terraform": "yes"
            }
          },
          "sensitive_attributes": [],
          "private": "eyJzY2hlbWFfdmVyc2lvbiI6IjEifQ==",
          "create_before_destroy": true
        }
      ]
    }
  ],
  "check_results": null
}
